// !$*UTF8*$!
{
	archiveVersion = 1;
	classes = {
	};
	objectVersion = 48;
	objects = {

/* Begin PBXBuildFile section */
		5F0B67FE204CE2150008AD25 /* UserNotifications.framework in Frameworks */ = {isa = PBXBuildFile; fileRef = 5F0B67FD204CE2150008AD25 /* UserNotifications.framework */; };
		5F0C90912043AAD500FDF94E /* UltraKlinCleaningDetail.swift in Sources */ = {isa = PBXBuildFile; fileRef = 5F0C90902043AAD500FDF94E /* UltraKlinCleaningDetail.swift */; };
		5F17CB25207712CD0074B422 /* GoogleSignIn.framework in Frameworks */ = {isa = PBXBuildFile; fileRef = 5F17CB1E207712CC0074B422 /* GoogleSignIn.framework */; };
		5F17CB27207712CD0074B422 /* GoogleSignIn.bundle in Resources */ = {isa = PBXBuildFile; fileRef = 5F17CB24207712CD0074B422 /* GoogleSignIn.bundle */; };
		5F17CB292077187B0074B422 /* AddressBook.framework in Frameworks */ = {isa = PBXBuildFile; fileRef = 5F17CB282077187B0074B422 /* AddressBook.framework */; };
		5F17CB2B207718840074B422 /* SystemConfiguration.framework in Frameworks */ = {isa = PBXBuildFile; fileRef = 5F17CB2A207718840074B422 /* SystemConfiguration.framework */; };
		5F17CB2D2077188E0074B422 /* StoreKit.framework in Frameworks */ = {isa = PBXBuildFile; fileRef = 5F17CB2C2077188E0074B422 /* StoreKit.framework */; };
		5F1DCDE6203FCD1900F486AD /* UltraKlinCleaning.swift in Sources */ = {isa = PBXBuildFile; fileRef = 5F1DCDE5203FCD1900F486AD /* UltraKlinCleaning.swift */; };
		5F2208B2209B1ADE00307791 /* CollectionViewCell.swift in Sources */ = {isa = PBXBuildFile; fileRef = 5F2208B1209B1ADE00307791 /* CollectionViewCell.swift */; };
		5F24B6EE2054E8670080DEFC /* UltraKlinLaundry.swift in Sources */ = {isa = PBXBuildFile; fileRef = 5F24B6ED2054E8670080DEFC /* UltraKlinLaundry.swift */; };
		5F24C2AC205F9E6300CD5067 /* Config.swift in Sources */ = {isa = PBXBuildFile; fileRef = 5F24C2AB205F9E6300CD5067 /* Config.swift */; };
		5F24C2AE205FBC7B00CD5067 /* Reachability.swift in Sources */ = {isa = PBXBuildFile; fileRef = 5F24C2AD205FBC7B00CD5067 /* Reachability.swift */; };
		5F54A4062060E78F007BEEDC /* UltraKlinLaundryDetail.swift in Sources */ = {isa = PBXBuildFile; fileRef = 5F54A4052060E78F007BEEDC /* UltraKlinLaundryDetail.swift */; };
		5F5828ED2077929E0030F2E1 /* GoogleSignInDependencies.framework in Frameworks */ = {isa = PBXBuildFile; fileRef = 5F5828EC2077929E0030F2E1 /* GoogleSignInDependencies.framework */; };
		5F585969207D182800298724 /* Extension.swift in Sources */ = {isa = PBXBuildFile; fileRef = 5F585968207D182800298724 /* Extension.swift */; };
		5F58596C207D183A00298724 /* Message.swift in Sources */ = {isa = PBXBuildFile; fileRef = 5F58596A207D183A00298724 /* Message.swift */; };
		5F58596D207D183A00298724 /* Person.swift in Sources */ = {isa = PBXBuildFile; fileRef = 5F58596B207D183A00298724 /* Person.swift */; };
		5F585973207D188700298724 /* ChatMessageCell.swift in Sources */ = {isa = PBXBuildFile; fileRef = 5F585971207D188700298724 /* ChatMessageCell.swift */; };
		5F585974207D188700298724 /* UserCell.swift in Sources */ = {isa = PBXBuildFile; fileRef = 5F585972207D188700298724 /* UserCell.swift */; };
		5F7C46A02064D23B008D2C73 /* AppsFlyerLib.framework in Frameworks */ = {isa = PBXBuildFile; fileRef = 5F7C469F2064D23B008D2C73 /* AppsFlyerLib.framework */; };
		5F7C46A22064D24F008D2C73 /* AdSupport.framework in Frameworks */ = {isa = PBXBuildFile; fileRef = 5F7C46A12064D24F008D2C73 /* AdSupport.framework */; };
		5F7C46A42064D259008D2C73 /* iAd.framework in Frameworks */ = {isa = PBXBuildFile; fileRef = 5F7C46A32064D258008D2C73 /* iAd.framework */; };
		5F9998DC2052378600AC37FD /* GoogleService-Info.plist in Resources */ = {isa = PBXBuildFile; fileRef = 5F9998DB2052378600AC37FD /* GoogleService-Info.plist */; };
		5FA8278A2099A58600E75D77 /* UIViewExtension.swift in Sources */ = {isa = PBXBuildFile; fileRef = 5FA827892099A58500E75D77 /* UIViewExtension.swift */; };
		5FAA360A2099681F00521931 /* GoogleViewController.swift in Sources */ = {isa = PBXBuildFile; fileRef = 5FAA36092099681F00521931 /* GoogleViewController.swift */; };
		5FAC0F29207E89E200901541 /* LoginController.swift in Sources */ = {isa = PBXBuildFile; fileRef = 5FAC0F24207E89E200901541 /* LoginController.swift */; };
		5FAC0F2A207E89E200901541 /* ChatLogController.swift in Sources */ = {isa = PBXBuildFile; fileRef = 5FAC0F25207E89E200901541 /* ChatLogController.swift */; };
		5FAC0F2B207E89E200901541 /* NewMessageController.swift in Sources */ = {isa = PBXBuildFile; fileRef = 5FAC0F26207E89E200901541 /* NewMessageController.swift */; };
		5FAC0F2C207E89E200901541 /* LoginController+Handler.swift in Sources */ = {isa = PBXBuildFile; fileRef = 5FAC0F27207E89E200901541 /* LoginController+Handler.swift */; };
		5FAC0F2D207E89E200901541 /* MessageController.swift in Sources */ = {isa = PBXBuildFile; fileRef = 5FAC0F28207E89E200901541 /* MessageController.swift */; };
		5FAF4CD9207391AF00D804F5 /* FBSDKCoreKit.framework in Frameworks */ = {isa = PBXBuildFile; fileRef = 5FAF4CD4207391AE00D804F5 /* FBSDKCoreKit.framework */; };
		5FAF4CDB207391C600D804F5 /* FBSDKLoginKit.framework in Frameworks */ = {isa = PBXBuildFile; fileRef = 5FAF4CDA207391C500D804F5 /* FBSDKLoginKit.framework */; };
		5FAF4CDD207391CD00D804F5 /* Bolts.framework in Frameworks */ = {isa = PBXBuildFile; fileRef = 5FAF4CDC207391CD00D804F5 /* Bolts.framework */; };
		5FAFCB00203EE1930009F97B /* AppDelegate.swift in Sources */ = {isa = PBXBuildFile; fileRef = 5FAFCAFF203EE1930009F97B /* AppDelegate.swift */; };
		5FAFCB02203EE1930009F97B /* ViewController.swift in Sources */ = {isa = PBXBuildFile; fileRef = 5FAFCB01203EE1930009F97B /* ViewController.swift */; };
		5FAFCB05203EE1930009F97B /* Main.storyboard in Resources */ = {isa = PBXBuildFile; fileRef = 5FAFCB03203EE1930009F97B /* Main.storyboard */; };
		5FAFCB08203EE1930009F97B /* UltraKlin.xcdatamodeld in Sources */ = {isa = PBXBuildFile; fileRef = 5FAFCB06203EE1930009F97B /* UltraKlin.xcdatamodeld */; };
		5FAFCB0A203EE1930009F97B /* Assets.xcassets in Resources */ = {isa = PBXBuildFile; fileRef = 5FAFCB09203EE1930009F97B /* Assets.xcassets */; };
		5FAFCB0D203EE1930009F97B /* LaunchScreen.storyboard in Resources */ = {isa = PBXBuildFile; fileRef = 5FAFCB0B203EE1930009F97B /* LaunchScreen.storyboard */; };
		5FAFCB15203EECC80009F97B /* UltraKlinHomeView.swift in Sources */ = {isa = PBXBuildFile; fileRef = 5FAFCB14203EECC80009F97B /* UltraKlinHomeView.swift */; };
		5FAFCB17203EED090009F97B /* UltraKlinHistoryView.swift in Sources */ = {isa = PBXBuildFile; fileRef = 5FAFCB16203EED090009F97B /* UltraKlinHistoryView.swift */; };
		5FAFCB19203EED810009F97B /* UltraKlinAccountView.swift in Sources */ = {isa = PBXBuildFile; fileRef = 5FAFCB18203EED810009F97B /* UltraKlinAccountView.swift */; };
		5FB0F7302045815F007CE83C /* UltraKlinRegistration.swift in Sources */ = {isa = PBXBuildFile; fileRef = 5FB0F72F2045815F007CE83C /* UltraKlinRegistration.swift */; };
		5FB0F73220458171007CE83C /* UltraKlinLogin.swift in Sources */ = {isa = PBXBuildFile; fileRef = 5FB0F73120458171007CE83C /* UltraKlinLogin.swift */; };
		5FB356E220970DD500315CFF /* Styles.swift in Sources */ = {isa = PBXBuildFile; fileRef = 5FB3569820970DD500315CFF /* Styles.swift */; };
		5FB356E320970DD500315CFF /* Localizable.strings in Resources */ = {isa = PBXBuildFile; fileRef = 5FB3569A20970DD500315CFF /* Localizable.strings */; };
		5FB356E520970DD500315CFF /* PlacePickerDemoAssets.xcassets in Resources */ = {isa = PBXBuildFile; fileRef = 5FB356BD20970DD500315CFF /* PlacePickerDemoAssets.xcassets */; };
		5FB356E620970DD500315CFF /* ShadowLineView.swift in Sources */ = {isa = PBXBuildFile; fileRef = 5FB356C820970DD500315CFF /* ShadowLineView.swift */; };
		5FB356E720970DD500315CFF /* PickAPlaceViewController.xib in Resources */ = {isa = PBXBuildFile; fileRef = 5FB356CB20970DD500315CFF /* PickAPlaceViewController.xib */; };
		5FB356E820970DD500315CFF /* PickAPlaceViewController.swift in Sources */ = {isa = PBXBuildFile; fileRef = 5FB356CC20970DD500315CFF /* PickAPlaceViewController.swift */; };
		5FB356E920970DD500315CFF /* PlaceAttributeCell.xib in Resources */ = {isa = PBXBuildFile; fileRef = 5FB356CE20970DD500315CFF /* PlaceAttributeCell.xib */; };
		5FB356EA20970DD500315CFF /* PlaceDetailViewController.xib in Resources */ = {isa = PBXBuildFile; fileRef = 5FB356CF20970DD500315CFF /* PlaceDetailViewController.xib */; };
		5FB356EB20970DD500315CFF /* PlaceAttributeCell.swift in Sources */ = {isa = PBXBuildFile; fileRef = 5FB356D020970DD500315CFF /* PlaceAttributeCell.swift */; };
		5FB356EC20970DD500315CFF /* PlaceNameHeader.swift in Sources */ = {isa = PBXBuildFile; fileRef = 5FB356D120970DD500315CFF /* PlaceNameHeader.swift */; };
		5FB356ED20970DD500315CFF /* PlaceDetailTableViewDataSource.swift in Sources */ = {isa = PBXBuildFile; fileRef = 5FB356D220970DD500315CFF /* PlaceDetailTableViewDataSource.swift */; };
		5FB356EE20970DD500315CFF /* PlaceNameHeader.xib in Resources */ = {isa = PBXBuildFile; fileRef = 5FB356D320970DD500315CFF /* PlaceNameHeader.xib */; };
		5FB356EF20970DD500315CFF /* PlaceDetailViewController.swift in Sources */ = {isa = PBXBuildFile; fileRef = 5FB356D420970DD500315CFF /* PlaceDetailViewController.swift */; };
		5FB356F020970DD500315CFF /* BackgroundMapViewController.swift in Sources */ = {isa = PBXBuildFile; fileRef = 5FB356D620970DD500315CFF /* BackgroundMapViewController.swift */; };
		5FB356F120970DD500315CFF /* InsetViewController.swift in Sources */ = {isa = PBXBuildFile; fileRef = 5FB356D720970DD500315CFF /* InsetViewController.swift */; };
		5FB356F220970DD500315CFF /* SplitPaneViewController.swift in Sources */ = {isa = PBXBuildFile; fileRef = 5FB356D820970DD500315CFF /* SplitPaneViewController.swift */; };
		5FB356F320970DD500315CFF /* BaseContainerViewController.swift in Sources */ = {isa = PBXBuildFile; fileRef = 5FB356D920970DD500315CFF /* BaseContainerViewController.swift */; };
		5FB356F420970DD500315CFF /* NotificationObserver.swift in Sources */ = {isa = PBXBuildFile; fileRef = 5FB356DB20970DD500315CFF /* NotificationObserver.swift */; };
		5FB356F520970DD500315CFF /* CGRect+Extensions.swift in Sources */ = {isa = PBXBuildFile; fileRef = 5FB356DC20970DD500315CFF /* CGRect+Extensions.swift */; };
		5FB356F620970DD500315CFF /* ShadowView.swift in Sources */ = {isa = PBXBuildFile; fileRef = 5FB356DD20970DD500315CFF /* ShadowView.swift */; };
		5FB356F820970DD500315CFF /* SDKDemoAPIKey.swift in Sources */ = {isa = PBXBuildFile; fileRef = 5FB356DF20970DD500315CFF /* SDKDemoAPIKey.swift */; };
		5FB356F920970DD500315CFF /* RoundedButton.swift in Sources */ = {isa = PBXBuildFile; fileRef = 5FB356E020970DD500315CFF /* RoundedButton.swift */; };
		5FB6DA89206AB44F00E25B1B /* AppRatingLocalizable.strings in Resources */ = {isa = PBXBuildFile; fileRef = 5FB6DA87206AB44F00E25B1B /* AppRatingLocalizable.strings */; };
		5FC37C962047BD680086E500 /* UltraKlinTabBarView.swift in Sources */ = {isa = PBXBuildFile; fileRef = 5FC37C952047BD680086E500 /* UltraKlinTabBarView.swift */; };
		5FEC70832080A53F00C63F05 /* UltraKlinDetailOrder.swift in Sources */ = {isa = PBXBuildFile; fileRef = 5FEC70822080A53F00C63F05 /* UltraKlinDetailOrder.swift */; };
		5FEF535A2074FAF100E926D7 /* LocationPicker.framework in Frameworks */ = {isa = PBXBuildFile; fileRef = 5FEF53412074FA3400E926D7 /* LocationPicker.framework */; };
		5FEF535B2074FAF100E926D7 /* LocationPicker.framework in Embed Frameworks */ = {isa = PBXBuildFile; fileRef = 5FEF53412074FA3400E926D7 /* LocationPicker.framework */; settings = {ATTRIBUTES = (CodeSignOnCopy, RemoveHeadersOnCopy, ); }; };
		5FEF535E2074FAF600E926D7 /* AppRating.framework in Frameworks */ = {isa = PBXBuildFile; fileRef = 5FEF53492074FA3E00E926D7 /* AppRating.framework */; };
		5FEF535F2074FAF600E926D7 /* AppRating.framework in Embed Frameworks */ = {isa = PBXBuildFile; fileRef = 5FEF53492074FA3E00E926D7 /* AppRating.framework */; settings = {ATTRIBUTES = (CodeSignOnCopy, RemoveHeadersOnCopy, ); }; };
		5FEF53622074FAFD00E926D7 /* Siren.framework in Frameworks */ = {isa = PBXBuildFile; fileRef = 5FEF53592074FA4D00E926D7 /* Siren.framework */; };
		5FEF53632074FAFD00E926D7 /* Siren.framework in Embed Frameworks */ = {isa = PBXBuildFile; fileRef = 5FEF53592074FA4D00E926D7 /* Siren.framework */; settings = {ATTRIBUTES = (CodeSignOnCopy, RemoveHeadersOnCopy, ); }; };
		5FF104D82077482900AEA895 /* SafariServices.framework in Frameworks */ = {isa = PBXBuildFile; fileRef = 5FF104D32077482900AEA895 /* SafariServices.framework */; };
		5FFAFE5F207BBB6E00AEC913 /* FSPagerView.swift in Sources */ = {isa = PBXBuildFile; fileRef = 5FFAFE58207BBB6E00AEC913 /* FSPagerView.swift */; };
		5FFAFE60207BBB6E00AEC913 /* FSPageViewTransformer.swift in Sources */ = {isa = PBXBuildFile; fileRef = 5FFAFE59207BBB6E00AEC913 /* FSPageViewTransformer.swift */; };
		5FFAFE61207BBB6E00AEC913 /* FSPagerViewCell.swift in Sources */ = {isa = PBXBuildFile; fileRef = 5FFAFE5A207BBB6E00AEC913 /* FSPagerViewCell.swift */; };
		5FFAFE62207BBB6E00AEC913 /* FSPagerViewLayoutAttributes.swift in Sources */ = {isa = PBXBuildFile; fileRef = 5FFAFE5B207BBB6E00AEC913 /* FSPagerViewLayoutAttributes.swift */; };
		5FFAFE63207BBB6E00AEC913 /* FSPageViewLayout.swift in Sources */ = {isa = PBXBuildFile; fileRef = 5FFAFE5C207BBB6E00AEC913 /* FSPageViewLayout.swift */; };
		5FFAFE64207BBB6E00AEC913 /* FSPageControl.swift in Sources */ = {isa = PBXBuildFile; fileRef = 5FFAFE5D207BBB6E00AEC913 /* FSPageControl.swift */; };
		5FFAFE65207BBB6E00AEC913 /* FSPagerCollectionView.swift in Sources */ = {isa = PBXBuildFile; fileRef = 5FFAFE5E207BBB6E00AEC913 /* FSPagerCollectionView.swift */; };
		5FFB5A652074A9E0008BC25E /* AppRating.bundle in Resources */ = {isa = PBXBuildFile; fileRef = 5FFB5A642074A9E0008BC25E /* AppRating.bundle */; };
		AD930BC15515B81C1FC32B44 /* Pods_UltraKlin.framework in Frameworks */ = {isa = PBXBuildFile; fileRef = C85970E1A313D7EE0DD35094 /* Pods_UltraKlin.framework */; };
/* End PBXBuildFile section */

/* Begin PBXContainerItemProxy section */
		5FEF53402074FA3400E926D7 /* PBXContainerItemProxy */ = {
			isa = PBXContainerItemProxy;
			containerPortal = 5FEF533C2074FA3400E926D7 /* LocationPicker.xcodeproj */;
			proxyType = 2;
			remoteGlobalIDString = B62462FF1B68A4DE00646DE2;
			remoteInfo = LocationPicker;
		};
		5FEF53482074FA3E00E926D7 /* PBXContainerItemProxy */ = {
			isa = PBXContainerItemProxy;
			containerPortal = 5FEF53422074FA3E00E926D7 /* AppRating.xcodeproj */;
			proxyType = 2;
			remoteGlobalIDString = 78DA88641E3F97EC00F6FAB3;
			remoteInfo = AppRating;
		};
		5FEF534A2074FA3E00E926D7 /* PBXContainerItemProxy */ = {
			isa = PBXContainerItemProxy;
			containerPortal = 5FEF53422074FA3E00E926D7 /* AppRating.xcodeproj */;
			proxyType = 2;
			remoteGlobalIDString = 78DA886D1E3F97ED00F6FAB3;
			remoteInfo = AppRatingTests;
		};
		5FEF534C2074FA3E00E926D7 /* PBXContainerItemProxy */ = {
			isa = PBXContainerItemProxy;
			containerPortal = 5FEF53422074FA3E00E926D7 /* AppRating.xcodeproj */;
			proxyType = 2;
			remoteGlobalIDString = 78FF83DF1E40C10200C9DAAB;
			remoteInfo = Example;
		};
		5FEF53542074FA4D00E926D7 /* PBXContainerItemProxy */ = {
			isa = PBXContainerItemProxy;
			containerPortal = 5FEF534E2074FA4C00E926D7 /* SirenExample.xcodeproj */;
			proxyType = 2;
			remoteGlobalIDString = 8EC391811A58B465001C121E;
			remoteInfo = SirenExample;
		};
		5FEF53562074FA4D00E926D7 /* PBXContainerItemProxy */ = {
			isa = PBXContainerItemProxy;
			containerPortal = 5FEF534E2074FA4C00E926D7 /* SirenExample.xcodeproj */;
			proxyType = 2;
			remoteGlobalIDString = 8E3A6C041D07CB6F00A8B7CF;
			remoteInfo = SirenExampleTests;
		};
		5FEF53582074FA4D00E926D7 /* PBXContainerItemProxy */ = {
			isa = PBXContainerItemProxy;
			containerPortal = 5FEF534E2074FA4C00E926D7 /* SirenExample.xcodeproj */;
			proxyType = 2;
			remoteGlobalIDString = 55EC36471E6BB98A00726F13;
			remoteInfo = Siren;
		};
		5FEF535C2074FAF200E926D7 /* PBXContainerItemProxy */ = {
			isa = PBXContainerItemProxy;
			containerPortal = 5FEF533C2074FA3400E926D7 /* LocationPicker.xcodeproj */;
			proxyType = 1;
			remoteGlobalIDString = B62462FE1B68A4DE00646DE2;
			remoteInfo = LocationPicker;
		};
		5FEF53602074FAF600E926D7 /* PBXContainerItemProxy */ = {
			isa = PBXContainerItemProxy;
			containerPortal = 5FEF53422074FA3E00E926D7 /* AppRating.xcodeproj */;
			proxyType = 1;
			remoteGlobalIDString = 78DA88631E3F97EC00F6FAB3;
			remoteInfo = AppRating;
		};
		5FEF53642074FAFD00E926D7 /* PBXContainerItemProxy */ = {
			isa = PBXContainerItemProxy;
			containerPortal = 5FEF534E2074FA4C00E926D7 /* SirenExample.xcodeproj */;
			proxyType = 1;
			remoteGlobalIDString = 55EC36461E6BB98A00726F13;
			remoteInfo = Siren;
		};
/* End PBXContainerItemProxy section */

/* Begin PBXCopyFilesBuildPhase section */
		5F3C3C27204401EF00F9F97D /* Embed Frameworks */ = {
			isa = PBXCopyFilesBuildPhase;
			buildActionMask = 2147483647;
			dstPath = "";
			dstSubfolderSpec = 10;
			files = (
				5FEF53632074FAFD00E926D7 /* Siren.framework in Embed Frameworks */,
				5FEF535B2074FAF100E926D7 /* LocationPicker.framework in Embed Frameworks */,
				5FEF535F2074FAF600E926D7 /* AppRating.framework in Embed Frameworks */,
			);
			name = "Embed Frameworks";
			runOnlyForDeploymentPostprocessing = 0;
		};
/* End PBXCopyFilesBuildPhase section */

/* Begin PBXFileReference section */
		5513B6C728863E6BDBA564D4 /* Pods-UltraKlin.debug.xcconfig */ = {isa = PBXFileReference; includeInIndex = 1; lastKnownFileType = text.xcconfig; name = "Pods-UltraKlin.debug.xcconfig"; path = "Pods/Target Support Files/Pods-UltraKlin/Pods-UltraKlin.debug.xcconfig"; sourceTree = "<group>"; };
		5F0B67FD204CE2150008AD25 /* UserNotifications.framework */ = {isa = PBXFileReference; lastKnownFileType = wrapper.framework; name = UserNotifications.framework; path = System/Library/Frameworks/UserNotifications.framework; sourceTree = SDKROOT; };
		5F0C90902043AAD500FDF94E /* UltraKlinCleaningDetail.swift */ = {isa = PBXFileReference; lastKnownFileType = sourcecode.swift; path = UltraKlinCleaningDetail.swift; sourceTree = "<group>"; };
		5F17CB1E207712CC0074B422 /* GoogleSignIn.framework */ = {isa = PBXFileReference; lastKnownFileType = wrapper.framework; path = GoogleSignIn.framework; sourceTree = "<group>"; };
		5F17CB24207712CD0074B422 /* GoogleSignIn.bundle */ = {isa = PBXFileReference; lastKnownFileType = "wrapper.plug-in"; path = GoogleSignIn.bundle; sourceTree = "<group>"; };
		5F17CB282077187B0074B422 /* AddressBook.framework */ = {isa = PBXFileReference; lastKnownFileType = wrapper.framework; name = AddressBook.framework; path = System/Library/Frameworks/AddressBook.framework; sourceTree = SDKROOT; };
		5F17CB2A207718840074B422 /* SystemConfiguration.framework */ = {isa = PBXFileReference; lastKnownFileType = wrapper.framework; name = SystemConfiguration.framework; path = System/Library/Frameworks/SystemConfiguration.framework; sourceTree = SDKROOT; };
		5F17CB2C2077188E0074B422 /* StoreKit.framework */ = {isa = PBXFileReference; lastKnownFileType = wrapper.framework; name = StoreKit.framework; path = System/Library/Frameworks/StoreKit.framework; sourceTree = SDKROOT; };
		5F17CB2E20771AC10074B422 /* UltraKlin-Bridging-Header.h */ = {isa = PBXFileReference; lastKnownFileType = sourcecode.c.h; path = "UltraKlin-Bridging-Header.h"; sourceTree = "<group>"; };
		5F1DCDE5203FCD1900F486AD /* UltraKlinCleaning.swift */ = {isa = PBXFileReference; lastKnownFileType = sourcecode.swift; path = UltraKlinCleaning.swift; sourceTree = "<group>"; };
		5F2208B1209B1ADE00307791 /* CollectionViewCell.swift */ = {isa = PBXFileReference; lastKnownFileType = sourcecode.swift; path = CollectionViewCell.swift; sourceTree = "<group>"; };
		5F24B6ED2054E8670080DEFC /* UltraKlinLaundry.swift */ = {isa = PBXFileReference; lastKnownFileType = sourcecode.swift; path = UltraKlinLaundry.swift; sourceTree = "<group>"; };
		5F24C2AB205F9E6300CD5067 /* Config.swift */ = {isa = PBXFileReference; lastKnownFileType = sourcecode.swift; path = Config.swift; sourceTree = "<group>"; };
		5F24C2AD205FBC7B00CD5067 /* Reachability.swift */ = {isa = PBXFileReference; lastKnownFileType = sourcecode.swift; path = Reachability.swift; sourceTree = "<group>"; };
		5F54A4052060E78F007BEEDC /* UltraKlinLaundryDetail.swift */ = {isa = PBXFileReference; lastKnownFileType = sourcecode.swift; path = UltraKlinLaundryDetail.swift; sourceTree = "<group>"; };
		5F5828EC2077929E0030F2E1 /* GoogleSignInDependencies.framework */ = {isa = PBXFileReference; lastKnownFileType = wrapper.framework; path = GoogleSignInDependencies.framework; sourceTree = "<group>"; };
		5F585968207D182800298724 /* Extension.swift */ = {isa = PBXFileReference; fileEncoding = 4; lastKnownFileType = sourcecode.swift; path = Extension.swift; sourceTree = "<group>"; };
		5F58596A207D183A00298724 /* Message.swift */ = {isa = PBXFileReference; fileEncoding = 4; lastKnownFileType = sourcecode.swift; path = Message.swift; sourceTree = "<group>"; };
		5F58596B207D183A00298724 /* Person.swift */ = {isa = PBXFileReference; fileEncoding = 4; lastKnownFileType = sourcecode.swift; path = Person.swift; sourceTree = "<group>"; };
		5F585971207D188700298724 /* ChatMessageCell.swift */ = {isa = PBXFileReference; fileEncoding = 4; lastKnownFileType = sourcecode.swift; path = ChatMessageCell.swift; sourceTree = "<group>"; };
		5F585972207D188700298724 /* UserCell.swift */ = {isa = PBXFileReference; fileEncoding = 4; lastKnownFileType = sourcecode.swift; path = UserCell.swift; sourceTree = "<group>"; };
		5F7C469F2064D23B008D2C73 /* AppsFlyerLib.framework */ = {isa = PBXFileReference; lastKnownFileType = wrapper.framework; path = AppsFlyerLib.framework; sourceTree = "<group>"; };
		5F7C46A12064D24F008D2C73 /* AdSupport.framework */ = {isa = PBXFileReference; lastKnownFileType = wrapper.framework; name = AdSupport.framework; path = System/Library/Frameworks/AdSupport.framework; sourceTree = SDKROOT; };
		5F7C46A32064D258008D2C73 /* iAd.framework */ = {isa = PBXFileReference; lastKnownFileType = wrapper.framework; name = iAd.framework; path = System/Library/Frameworks/iAd.framework; sourceTree = SDKROOT; };
		5F9998DB2052378600AC37FD /* GoogleService-Info.plist */ = {isa = PBXFileReference; fileEncoding = 4; lastKnownFileType = text.plist.xml; path = "GoogleService-Info.plist"; sourceTree = "<group>"; };
		5FA827892099A58500E75D77 /* UIViewExtension.swift */ = {isa = PBXFileReference; fileEncoding = 4; lastKnownFileType = sourcecode.swift; path = UIViewExtension.swift; sourceTree = "<group>"; };
		5FAA36092099681F00521931 /* GoogleViewController.swift */ = {isa = PBXFileReference; lastKnownFileType = sourcecode.swift; path = GoogleViewController.swift; sourceTree = "<group>"; };
		5FAC0F24207E89E200901541 /* LoginController.swift */ = {isa = PBXFileReference; fileEncoding = 4; lastKnownFileType = sourcecode.swift; path = LoginController.swift; sourceTree = "<group>"; };
		5FAC0F25207E89E200901541 /* ChatLogController.swift */ = {isa = PBXFileReference; fileEncoding = 4; lastKnownFileType = sourcecode.swift; path = ChatLogController.swift; sourceTree = "<group>"; };
		5FAC0F26207E89E200901541 /* NewMessageController.swift */ = {isa = PBXFileReference; fileEncoding = 4; lastKnownFileType = sourcecode.swift; path = NewMessageController.swift; sourceTree = "<group>"; };
		5FAC0F27207E89E200901541 /* LoginController+Handler.swift */ = {isa = PBXFileReference; fileEncoding = 4; lastKnownFileType = sourcecode.swift; path = "LoginController+Handler.swift"; sourceTree = "<group>"; };
		5FAC0F28207E89E200901541 /* MessageController.swift */ = {isa = PBXFileReference; fileEncoding = 4; lastKnownFileType = sourcecode.swift; path = MessageController.swift; sourceTree = "<group>"; };
		5FAF4CD4207391AE00D804F5 /* FBSDKCoreKit.framework */ = {isa = PBXFileReference; lastKnownFileType = wrapper.framework; path = FBSDKCoreKit.framework; sourceTree = "<group>"; };
		5FAF4CDA207391C500D804F5 /* FBSDKLoginKit.framework */ = {isa = PBXFileReference; lastKnownFileType = wrapper.framework; path = FBSDKLoginKit.framework; sourceTree = "<group>"; };
		5FAF4CDC207391CD00D804F5 /* Bolts.framework */ = {isa = PBXFileReference; lastKnownFileType = wrapper.framework; path = Bolts.framework; sourceTree = "<group>"; };
		5FAFCAFC203EE1930009F97B /* UltraKlin.app */ = {isa = PBXFileReference; explicitFileType = wrapper.application; includeInIndex = 0; path = UltraKlin.app; sourceTree = BUILT_PRODUCTS_DIR; };
		5FAFCAFF203EE1930009F97B /* AppDelegate.swift */ = {isa = PBXFileReference; lastKnownFileType = sourcecode.swift; path = AppDelegate.swift; sourceTree = "<group>"; };
		5FAFCB01203EE1930009F97B /* ViewController.swift */ = {isa = PBXFileReference; lastKnownFileType = sourcecode.swift; path = ViewController.swift; sourceTree = "<group>"; };
		5FAFCB04203EE1930009F97B /* Base */ = {isa = PBXFileReference; lastKnownFileType = file.storyboard; name = Base; path = Base.lproj/Main.storyboard; sourceTree = "<group>"; };
		5FAFCB07203EE1930009F97B /* UltraKlin.xcdatamodel */ = {isa = PBXFileReference; lastKnownFileType = wrapper.xcdatamodel; path = UltraKlin.xcdatamodel; sourceTree = "<group>"; };
		5FAFCB09203EE1930009F97B /* Assets.xcassets */ = {isa = PBXFileReference; lastKnownFileType = folder.assetcatalog; path = Assets.xcassets; sourceTree = "<group>"; };
		5FAFCB0C203EE1930009F97B /* Base */ = {isa = PBXFileReference; lastKnownFileType = file.storyboard; name = Base; path = Base.lproj/LaunchScreen.storyboard; sourceTree = "<group>"; };
		5FAFCB0E203EE1930009F97B /* Info.plist */ = {isa = PBXFileReference; lastKnownFileType = text.plist.xml; path = Info.plist; sourceTree = "<group>"; };
		5FAFCB14203EECC80009F97B /* UltraKlinHomeView.swift */ = {isa = PBXFileReference; lastKnownFileType = sourcecode.swift; path = UltraKlinHomeView.swift; sourceTree = "<group>"; };
		5FAFCB16203EED090009F97B /* UltraKlinHistoryView.swift */ = {isa = PBXFileReference; lastKnownFileType = sourcecode.swift; path = UltraKlinHistoryView.swift; sourceTree = "<group>"; };
		5FAFCB18203EED810009F97B /* UltraKlinAccountView.swift */ = {isa = PBXFileReference; lastKnownFileType = sourcecode.swift; path = UltraKlinAccountView.swift; sourceTree = "<group>"; };
		5FB0F72F2045815F007CE83C /* UltraKlinRegistration.swift */ = {isa = PBXFileReference; lastKnownFileType = sourcecode.swift; path = UltraKlinRegistration.swift; sourceTree = "<group>"; };
		5FB0F73120458171007CE83C /* UltraKlinLogin.swift */ = {isa = PBXFileReference; lastKnownFileType = sourcecode.swift; path = UltraKlinLogin.swift; sourceTree = "<group>"; };
		5FB3569820970DD500315CFF /* Styles.swift */ = {isa = PBXFileReference; fileEncoding = 4; lastKnownFileType = sourcecode.swift; path = Styles.swift; sourceTree = "<group>"; };
		5FB3569B20970DD500315CFF /* de */ = {isa = PBXFileReference; lastKnownFileType = text.plist.strings; name = de; path = de.lproj/Localizable.strings; sourceTree = "<group>"; };
		5FB3569C20970DD500315CFF /* he */ = {isa = PBXFileReference; lastKnownFileType = text.plist.strings; name = he; path = he.lproj/Localizable.strings; sourceTree = "<group>"; };
		5FB3569D20970DD500315CFF /* en_AU */ = {isa = PBXFileReference; lastKnownFileType = text.plist.strings; name = en_AU; path = en_AU.lproj/Localizable.strings; sourceTree = "<group>"; };
		5FB3569E20970DD500315CFF /* ar */ = {isa = PBXFileReference; lastKnownFileType = text.plist.strings; name = ar; path = ar.lproj/Localizable.strings; sourceTree = "<group>"; };
		5FB3569F20970DD500315CFF /* el */ = {isa = PBXFileReference; lastKnownFileType = text.plist.strings; name = el; path = el.lproj/Localizable.strings; sourceTree = "<group>"; };
		5FB356A020970DD500315CFF /* ja */ = {isa = PBXFileReference; lastKnownFileType = text.plist.strings; name = ja; path = ja.lproj/Localizable.strings; sourceTree = "<group>"; };
		5FB356A120970DD500315CFF /* en */ = {isa = PBXFileReference; lastKnownFileType = text.plist.strings; name = en; path = en.lproj/Localizable.strings; sourceTree = "<group>"; };
		5FB356A220970DD500315CFF /* uk */ = {isa = PBXFileReference; lastKnownFileType = text.plist.strings; name = uk; path = uk.lproj/Localizable.strings; sourceTree = "<group>"; };
		5FB356A320970DD500315CFF /* es_419 */ = {isa = PBXFileReference; lastKnownFileType = text.plist.strings; name = es_419; path = es_419.lproj/Localizable.strings; sourceTree = "<group>"; };
		5FB356A420970DD500315CFF /* es_MX */ = {isa = PBXFileReference; lastKnownFileType = text.plist.strings; name = es_MX; path = es_MX.lproj/Localizable.strings; sourceTree = "<group>"; };
		5FB356A520970DD500315CFF /* zh_CN */ = {isa = PBXFileReference; lastKnownFileType = text.plist.strings; name = zh_CN; path = zh_CN.lproj/Localizable.strings; sourceTree = "<group>"; };
		5FB356A620970DD500315CFF /* nb */ = {isa = PBXFileReference; lastKnownFileType = text.plist.strings; name = nb; path = nb.lproj/Localizable.strings; sourceTree = "<group>"; };
		5FB356A720970DD500315CFF /* es */ = {isa = PBXFileReference; lastKnownFileType = text.plist.strings; name = es; path = es.lproj/Localizable.strings; sourceTree = "<group>"; };
		5FB356A820970DD500315CFF /* pt_BR */ = {isa = PBXFileReference; lastKnownFileType = text.plist.strings; name = pt_BR; path = pt_BR.lproj/Localizable.strings; sourceTree = "<group>"; };
		5FB356A920970DD500315CFF /* da */ = {isa = PBXFileReference; lastKnownFileType = text.plist.strings; name = da; path = da.lproj/Localizable.strings; sourceTree = "<group>"; };
		5FB356AA20970DD500315CFF /* it */ = {isa = PBXFileReference; lastKnownFileType = text.plist.strings; name = it; path = it.lproj/Localizable.strings; sourceTree = "<group>"; };
		5FB356AB20970DD500315CFF /* sk */ = {isa = PBXFileReference; lastKnownFileType = text.plist.strings; name = sk; path = sk.lproj/Localizable.strings; sourceTree = "<group>"; };
		5FB356AC20970DD500315CFF /* pt_PT */ = {isa = PBXFileReference; lastKnownFileType = text.plist.strings; name = pt_PT; path = pt_PT.lproj/Localizable.strings; sourceTree = "<group>"; };
		5FB356AD20970DD500315CFF /* ms */ = {isa = PBXFileReference; lastKnownFileType = text.plist.strings; name = ms; path = ms.lproj/Localizable.strings; sourceTree = "<group>"; };
		5FB356AE20970DD500315CFF /* sv */ = {isa = PBXFileReference; lastKnownFileType = text.plist.strings; name = sv; path = sv.lproj/Localizable.strings; sourceTree = "<group>"; };
		5FB356AF20970DD500315CFF /* cs */ = {isa = PBXFileReference; lastKnownFileType = text.plist.strings; name = cs; path = cs.lproj/Localizable.strings; sourceTree = "<group>"; };
		5FB356B020970DD500315CFF /* en_IN */ = {isa = PBXFileReference; lastKnownFileType = text.plist.strings; name = en_IN; path = en_IN.lproj/Localizable.strings; sourceTree = "<group>"; };
		5FB356B120970DD500315CFF /* ko */ = {isa = PBXFileReference; lastKnownFileType = text.plist.strings; name = ko; path = ko.lproj/Localizable.strings; sourceTree = "<group>"; };
		5FB356B420970DD500315CFF /* hu */ = {isa = PBXFileReference; lastKnownFileType = text.plist.strings; name = hu; path = hu.lproj/Localizable.strings; sourceTree = "<group>"; };
		5FB356B520970DD500315CFF /* zh_HK */ = {isa = PBXFileReference; lastKnownFileType = text.plist.strings; name = zh_HK; path = zh_HK.lproj/Localizable.strings; sourceTree = "<group>"; };
		5FB356B620970DD500315CFF /* tr */ = {isa = PBXFileReference; lastKnownFileType = text.plist.strings; name = tr; path = tr.lproj/Localizable.strings; sourceTree = "<group>"; };
		5FB356B720970DD500315CFF /* pl */ = {isa = PBXFileReference; lastKnownFileType = text.plist.strings; name = pl; path = pl.lproj/Localizable.strings; sourceTree = "<group>"; };
		5FB356B820970DD500315CFF /* zh_TW */ = {isa = PBXFileReference; lastKnownFileType = text.plist.strings; name = zh_TW; path = zh_TW.lproj/Localizable.strings; sourceTree = "<group>"; };
		5FB356B920970DD500315CFF /* en_GB */ = {isa = PBXFileReference; lastKnownFileType = text.plist.strings; name = en_GB; path = en_GB.lproj/Localizable.strings; sourceTree = "<group>"; };
		5FB356BA20970DD500315CFF /* vi */ = {isa = PBXFileReference; lastKnownFileType = text.plist.strings; name = vi; path = vi.lproj/Localizable.strings; sourceTree = "<group>"; };
		5FB356BB20970DD500315CFF /* ru */ = {isa = PBXFileReference; lastKnownFileType = text.plist.strings; name = ru; path = ru.lproj/Localizable.strings; sourceTree = "<group>"; };
		5FB356BC20970DD500315CFF /* fr_CA */ = {isa = PBXFileReference; lastKnownFileType = text.plist.strings; name = fr_CA; path = fr_CA.lproj/Localizable.strings; sourceTree = "<group>"; };
		5FB356BD20970DD500315CFF /* PlacePickerDemoAssets.xcassets */ = {isa = PBXFileReference; lastKnownFileType = folder.assetcatalog; path = PlacePickerDemoAssets.xcassets; sourceTree = "<group>"; };
		5FB356BE20970DD500315CFF /* fr */ = {isa = PBXFileReference; lastKnownFileType = text.plist.strings; name = fr; path = fr.lproj/Localizable.strings; sourceTree = "<group>"; };
		5FB356BF20970DD500315CFF /* fi */ = {isa = PBXFileReference; lastKnownFileType = text.plist.strings; name = fi; path = fi.lproj/Localizable.strings; sourceTree = "<group>"; };
		5FB356C020970DD500315CFF /* id */ = {isa = PBXFileReference; lastKnownFileType = text.plist.strings; name = id; path = id.lproj/Localizable.strings; sourceTree = "<group>"; };
		5FB356C120970DD500315CFF /* nl */ = {isa = PBXFileReference; lastKnownFileType = text.plist.strings; name = nl; path = nl.lproj/Localizable.strings; sourceTree = "<group>"; };
		5FB356C220970DD500315CFF /* th */ = {isa = PBXFileReference; lastKnownFileType = text.plist.strings; name = th; path = th.lproj/Localizable.strings; sourceTree = "<group>"; };
		5FB356C320970DD500315CFF /* pt */ = {isa = PBXFileReference; lastKnownFileType = text.plist.strings; name = pt; path = pt.lproj/Localizable.strings; sourceTree = "<group>"; };
		5FB356C420970DD500315CFF /* ro */ = {isa = PBXFileReference; lastKnownFileType = text.plist.strings; name = ro; path = ro.lproj/Localizable.strings; sourceTree = "<group>"; };
		5FB356C520970DD500315CFF /* hr */ = {isa = PBXFileReference; lastKnownFileType = text.plist.strings; name = hr; path = hr.lproj/Localizable.strings; sourceTree = "<group>"; };
		5FB356C620970DD500315CFF /* hi */ = {isa = PBXFileReference; lastKnownFileType = text.plist.strings; name = hi; path = hi.lproj/Localizable.strings; sourceTree = "<group>"; };
		5FB356C720970DD500315CFF /* ca */ = {isa = PBXFileReference; lastKnownFileType = text.plist.strings; name = ca; path = ca.lproj/Localizable.strings; sourceTree = "<group>"; };
		5FB356C820970DD500315CFF /* ShadowLineView.swift */ = {isa = PBXFileReference; fileEncoding = 4; lastKnownFileType = sourcecode.swift; path = ShadowLineView.swift; sourceTree = "<group>"; };
		5FB356CB20970DD500315CFF /* PickAPlaceViewController.xib */ = {isa = PBXFileReference; fileEncoding = 4; lastKnownFileType = file.xib; path = PickAPlaceViewController.xib; sourceTree = "<group>"; };
		5FB356CC20970DD500315CFF /* PickAPlaceViewController.swift */ = {isa = PBXFileReference; fileEncoding = 4; lastKnownFileType = sourcecode.swift; path = PickAPlaceViewController.swift; sourceTree = "<group>"; };
		5FB356CE20970DD500315CFF /* PlaceAttributeCell.xib */ = {isa = PBXFileReference; fileEncoding = 4; lastKnownFileType = file.xib; path = PlaceAttributeCell.xib; sourceTree = "<group>"; };
		5FB356CF20970DD500315CFF /* PlaceDetailViewController.xib */ = {isa = PBXFileReference; fileEncoding = 4; lastKnownFileType = file.xib; path = PlaceDetailViewController.xib; sourceTree = "<group>"; };
		5FB356D020970DD500315CFF /* PlaceAttributeCell.swift */ = {isa = PBXFileReference; fileEncoding = 4; lastKnownFileType = sourcecode.swift; path = PlaceAttributeCell.swift; sourceTree = "<group>"; };
		5FB356D120970DD500315CFF /* PlaceNameHeader.swift */ = {isa = PBXFileReference; fileEncoding = 4; lastKnownFileType = sourcecode.swift; path = PlaceNameHeader.swift; sourceTree = "<group>"; };
		5FB356D220970DD500315CFF /* PlaceDetailTableViewDataSource.swift */ = {isa = PBXFileReference; fileEncoding = 4; lastKnownFileType = sourcecode.swift; path = PlaceDetailTableViewDataSource.swift; sourceTree = "<group>"; };
		5FB356D320970DD500315CFF /* PlaceNameHeader.xib */ = {isa = PBXFileReference; fileEncoding = 4; lastKnownFileType = file.xib; path = PlaceNameHeader.xib; sourceTree = "<group>"; };
		5FB356D420970DD500315CFF /* PlaceDetailViewController.swift */ = {isa = PBXFileReference; fileEncoding = 4; lastKnownFileType = sourcecode.swift; path = PlaceDetailViewController.swift; sourceTree = "<group>"; };
		5FB356D620970DD500315CFF /* BackgroundMapViewController.swift */ = {isa = PBXFileReference; fileEncoding = 4; lastKnownFileType = sourcecode.swift; path = BackgroundMapViewController.swift; sourceTree = "<group>"; };
		5FB356D720970DD500315CFF /* InsetViewController.swift */ = {isa = PBXFileReference; fileEncoding = 4; lastKnownFileType = sourcecode.swift; path = InsetViewController.swift; sourceTree = "<group>"; };
		5FB356D820970DD500315CFF /* SplitPaneViewController.swift */ = {isa = PBXFileReference; fileEncoding = 4; lastKnownFileType = sourcecode.swift; path = SplitPaneViewController.swift; sourceTree = "<group>"; };
		5FB356D920970DD500315CFF /* BaseContainerViewController.swift */ = {isa = PBXFileReference; fileEncoding = 4; lastKnownFileType = sourcecode.swift; path = BaseContainerViewController.swift; sourceTree = "<group>"; };
		5FB356DB20970DD500315CFF /* NotificationObserver.swift */ = {isa = PBXFileReference; fileEncoding = 4; lastKnownFileType = sourcecode.swift; path = NotificationObserver.swift; sourceTree = "<group>"; };
		5FB356DC20970DD500315CFF /* CGRect+Extensions.swift */ = {isa = PBXFileReference; fileEncoding = 4; lastKnownFileType = sourcecode.swift; path = "CGRect+Extensions.swift"; sourceTree = "<group>"; };
		5FB356DD20970DD500315CFF /* ShadowView.swift */ = {isa = PBXFileReference; fileEncoding = 4; lastKnownFileType = sourcecode.swift; path = ShadowView.swift; sourceTree = "<group>"; };
		5FB356DF20970DD500315CFF /* SDKDemoAPIKey.swift */ = {isa = PBXFileReference; fileEncoding = 4; lastKnownFileType = sourcecode.swift; path = SDKDemoAPIKey.swift; sourceTree = "<group>"; };
		5FB356E020970DD500315CFF /* RoundedButton.swift */ = {isa = PBXFileReference; fileEncoding = 4; lastKnownFileType = sourcecode.swift; path = RoundedButton.swift; sourceTree = "<group>"; };
		5FB6DA88206AB44F00E25B1B /* en */ = {isa = PBXFileReference; lastKnownFileType = text.plist.strings; name = en; path = "AppRating-master/Localization/en.lproj/AppRatingLocalizable.strings"; sourceTree = "<group>"; };
		5FC37C952047BD680086E500 /* UltraKlinTabBarView.swift */ = {isa = PBXFileReference; lastKnownFileType = sourcecode.swift; path = UltraKlinTabBarView.swift; sourceTree = "<group>"; };
		5FEC70822080A53F00C63F05 /* UltraKlinDetailOrder.swift */ = {isa = PBXFileReference; lastKnownFileType = sourcecode.swift; path = UltraKlinDetailOrder.swift; sourceTree = "<group>"; };
		5FEF533C2074FA3400E926D7 /* LocationPicker.xcodeproj */ = {isa = PBXFileReference; lastKnownFileType = "wrapper.pb-project"; path = LocationPicker.xcodeproj; sourceTree = "<group>"; };
		5FEF53422074FA3E00E926D7 /* AppRating.xcodeproj */ = {isa = PBXFileReference; lastKnownFileType = "wrapper.pb-project"; name = AppRating.xcodeproj; path = "AppRating-master/AppRating.xcodeproj"; sourceTree = "<group>"; };
		5FEF534E2074FA4C00E926D7 /* SirenExample.xcodeproj */ = {isa = PBXFileReference; lastKnownFileType = "wrapper.pb-project"; name = SirenExample.xcodeproj; path = SirenExample/SirenExample.xcodeproj; sourceTree = "<group>"; };
		5FF104D32077482900AEA895 /* SafariServices.framework */ = {isa = PBXFileReference; lastKnownFileType = wrapper.framework; name = SafariServices.framework; path = System/Library/Frameworks/SafariServices.framework; sourceTree = SDKROOT; };
		5FFAFE58207BBB6E00AEC913 /* FSPagerView.swift */ = {isa = PBXFileReference; fileEncoding = 4; lastKnownFileType = sourcecode.swift; path = FSPagerView.swift; sourceTree = "<group>"; };
		5FFAFE59207BBB6E00AEC913 /* FSPageViewTransformer.swift */ = {isa = PBXFileReference; fileEncoding = 4; lastKnownFileType = sourcecode.swift; path = FSPageViewTransformer.swift; sourceTree = "<group>"; };
		5FFAFE5A207BBB6E00AEC913 /* FSPagerViewCell.swift */ = {isa = PBXFileReference; fileEncoding = 4; lastKnownFileType = sourcecode.swift; path = FSPagerViewCell.swift; sourceTree = "<group>"; };
		5FFAFE5B207BBB6E00AEC913 /* FSPagerViewLayoutAttributes.swift */ = {isa = PBXFileReference; fileEncoding = 4; lastKnownFileType = sourcecode.swift; path = FSPagerViewLayoutAttributes.swift; sourceTree = "<group>"; };
		5FFAFE5C207BBB6E00AEC913 /* FSPageViewLayout.swift */ = {isa = PBXFileReference; fileEncoding = 4; lastKnownFileType = sourcecode.swift; path = FSPageViewLayout.swift; sourceTree = "<group>"; };
		5FFAFE5D207BBB6E00AEC913 /* FSPageControl.swift */ = {isa = PBXFileReference; fileEncoding = 4; lastKnownFileType = sourcecode.swift; path = FSPageControl.swift; sourceTree = "<group>"; };
		5FFAFE5E207BBB6E00AEC913 /* FSPagerCollectionView.swift */ = {isa = PBXFileReference; fileEncoding = 4; lastKnownFileType = sourcecode.swift; path = FSPagerCollectionView.swift; sourceTree = "<group>"; };
		5FFB5A642074A9E0008BC25E /* AppRating.bundle */ = {isa = PBXFileReference; lastKnownFileType = "wrapper.plug-in"; path = AppRating.bundle; sourceTree = "<group>"; };
		C85970E1A313D7EE0DD35094 /* Pods_UltraKlin.framework */ = {isa = PBXFileReference; explicitFileType = wrapper.framework; includeInIndex = 0; path = Pods_UltraKlin.framework; sourceTree = BUILT_PRODUCTS_DIR; };
		F2A4A450F551FCCAB58DFFA2 /* Pods-UltraKlin.release.xcconfig */ = {isa = PBXFileReference; includeInIndex = 1; lastKnownFileType = text.xcconfig; name = "Pods-UltraKlin.release.xcconfig"; path = "Pods/Target Support Files/Pods-UltraKlin/Pods-UltraKlin.release.xcconfig"; sourceTree = "<group>"; };
/* End PBXFileReference section */

/* Begin PBXFrameworksBuildPhase section */
		5FAFCAF9203EE1930009F97B /* Frameworks */ = {
			isa = PBXFrameworksBuildPhase;
			buildActionMask = 2147483647;
			files = (
				5F5828ED2077929E0030F2E1 /* GoogleSignInDependencies.framework in Frameworks */,
				5FF104D82077482900AEA895 /* SafariServices.framework in Frameworks */,
				5F17CB2D2077188E0074B422 /* StoreKit.framework in Frameworks */,
				5F17CB2B207718840074B422 /* SystemConfiguration.framework in Frameworks */,
				5F17CB292077187B0074B422 /* AddressBook.framework in Frameworks */,
				5F7C46A42064D259008D2C73 /* iAd.framework in Frameworks */,
				5FEF535E2074FAF600E926D7 /* AppRating.framework in Frameworks */,
				5F7C46A22064D24F008D2C73 /* AdSupport.framework in Frameworks */,
				5FEF53622074FAFD00E926D7 /* Siren.framework in Frameworks */,
				5FAF4CDB207391C600D804F5 /* FBSDKLoginKit.framework in Frameworks */,
				5F0B67FE204CE2150008AD25 /* UserNotifications.framework in Frameworks */,
				5F7C46A02064D23B008D2C73 /* AppsFlyerLib.framework in Frameworks */,
				5F17CB25207712CD0074B422 /* GoogleSignIn.framework in Frameworks */,
				5FAF4CDD207391CD00D804F5 /* Bolts.framework in Frameworks */,
				5FAF4CD9207391AF00D804F5 /* FBSDKCoreKit.framework in Frameworks */,
				AD930BC15515B81C1FC32B44 /* Pods_UltraKlin.framework in Frameworks */,
				5FEF535A2074FAF100E926D7 /* LocationPicker.framework in Frameworks */,
			);
			runOnlyForDeploymentPostprocessing = 0;
		};
/* End PBXFrameworksBuildPhase section */

/* Begin PBXGroup section */
		5F0B67FC204CE2150008AD25 /* Frameworks */ = {
			isa = PBXGroup;
			children = (
				5F5828EC2077929E0030F2E1 /* GoogleSignInDependencies.framework */,
				5FF104D32077482900AEA895 /* SafariServices.framework */,
				5F17CB2C2077188E0074B422 /* StoreKit.framework */,
				5F17CB2A207718840074B422 /* SystemConfiguration.framework */,
				5F17CB282077187B0074B422 /* AddressBook.framework */,
				5F17CB24207712CD0074B422 /* GoogleSignIn.bundle */,
				5F17CB1E207712CC0074B422 /* GoogleSignIn.framework */,
				5FAF4CDC207391CD00D804F5 /* Bolts.framework */,
				5FAF4CDA207391C500D804F5 /* FBSDKLoginKit.framework */,
				5FAF4CD4207391AE00D804F5 /* FBSDKCoreKit.framework */,
				5F7C46A32064D258008D2C73 /* iAd.framework */,
				5F7C46A12064D24F008D2C73 /* AdSupport.framework */,
				5F7C469F2064D23B008D2C73 /* AppsFlyerLib.framework */,
				5F0B67FD204CE2150008AD25 /* UserNotifications.framework */,
				C85970E1A313D7EE0DD35094 /* Pods_UltraKlin.framework */,
			);
			name = Frameworks;
			sourceTree = "<group>";
		};
		5F58595B207D17B800298724 /* Controller */ = {
			isa = PBXGroup;
			children = (
				5FAC0F25207E89E200901541 /* ChatLogController.swift */,
				5FAC0F24207E89E200901541 /* LoginController.swift */,
				5FAC0F27207E89E200901541 /* LoginController+Handler.swift */,
				5FAC0F28207E89E200901541 /* MessageController.swift */,
				5FAC0F26207E89E200901541 /* NewMessageController.swift */,
			);
			name = Controller;
			sourceTree = "<group>";
		};
		5F585966207D180C00298724 /* Model */ = {
			isa = PBXGroup;
			children = (
				5F58596A207D183A00298724 /* Message.swift */,
				5F58596B207D183A00298724 /* Person.swift */,
			);
			name = Model;
			sourceTree = "<group>";
		};
		5F585967207D181300298724 /* Helper */ = {
			isa = PBXGroup;
			children = (
				5F585968207D182800298724 /* Extension.swift */,
			);
			name = Helper;
			sourceTree = "<group>";
		};
		5F585970207D186900298724 /* View */ = {
			isa = PBXGroup;
			children = (
				5F585971207D188700298724 /* ChatMessageCell.swift */,
				5F585972207D188700298724 /* UserCell.swift */,
			);
			name = View;
			sourceTree = "<group>";
		};
		5FAFCAF3203EE1930009F97B = {
			isa = PBXGroup;
			children = (
				5FEF534E2074FA4C00E926D7 /* SirenExample.xcodeproj */,
				5FEF53422074FA3E00E926D7 /* AppRating.xcodeproj */,
				5FEF533C2074FA3400E926D7 /* LocationPicker.xcodeproj */,
				5FFB5A642074A9E0008BC25E /* AppRating.bundle */,
				5FB6DA87206AB44F00E25B1B /* AppRatingLocalizable.strings */,
				5FAFCAFE203EE1930009F97B /* UltraKlin */,
				5FAFCAFD203EE1930009F97B /* Products */,
				5F0B67FC204CE2150008AD25 /* Frameworks */,
				E4BF42059B977EFF080C1A9C /* Pods */,
			);
			sourceTree = "<group>";
		};
		5FAFCAFD203EE1930009F97B /* Products */ = {
			isa = PBXGroup;
			children = (
				5FAFCAFC203EE1930009F97B /* UltraKlin.app */,
			);
			name = Products;
			sourceTree = "<group>";
		};
		5FAFCAFE203EE1930009F97B /* UltraKlin */ = {
			isa = PBXGroup;
			children = (
				5FB3569720970DD500315CFF /* GooglePlacePicker */,
				5F585970207D186900298724 /* View */,
				5F585967207D181300298724 /* Helper */,
				5F585966207D180C00298724 /* Model */,
				5F58595B207D17B800298724 /* Controller */,
				5FFAFE67207BBBCB00AEC913 /* Resources */,
				5FFAFE57207BBB6E00AEC913 /* Sources */,
				5FAFCAFF203EE1930009F97B /* AppDelegate.swift */,
				5FAFCB01203EE1930009F97B /* ViewController.swift */,
				5FB0F72F2045815F007CE83C /* UltraKlinRegistration.swift */,
				5FB0F73120458171007CE83C /* UltraKlinLogin.swift */,
				5FAFCB14203EECC80009F97B /* UltraKlinHomeView.swift */,
				5FAFCB16203EED090009F97B /* UltraKlinHistoryView.swift */,
				5FAFCB18203EED810009F97B /* UltraKlinAccountView.swift */,
				5F1DCDE5203FCD1900F486AD /* UltraKlinCleaning.swift */,
				5F0C90902043AAD500FDF94E /* UltraKlinCleaningDetail.swift */,
				5F24B6ED2054E8670080DEFC /* UltraKlinLaundry.swift */,
				5F54A4052060E78F007BEEDC /* UltraKlinLaundryDetail.swift */,
				5FEC70822080A53F00C63F05 /* UltraKlinDetailOrder.swift */,
				5FAA36092099681F00521931 /* GoogleViewController.swift */,
				5FA827892099A58500E75D77 /* UIViewExtension.swift */,
				5F2208B1209B1ADE00307791 /* CollectionViewCell.swift */,
				5FAFCB03203EE1930009F97B /* Main.storyboard */,
				5FAFCB0B203EE1930009F97B /* LaunchScreen.storyboard */,
				5FC37C952047BD680086E500 /* UltraKlinTabBarView.swift */,
				5F24C2AD205FBC7B00CD5067 /* Reachability.swift */,
				5F24C2AB205F9E6300CD5067 /* Config.swift */,
				5F9998DB2052378600AC37FD /* GoogleService-Info.plist */,
				5FAFCB0E203EE1930009F97B /* Info.plist */,
				5FAFCB06203EE1930009F97B /* UltraKlin.xcdatamodeld */,
				5F17CB2E20771AC10074B422 /* UltraKlin-Bridging-Header.h */,
			);
			path = UltraKlin;
			sourceTree = "<group>";
		};
		5FB3569720970DD500315CFF /* GooglePlacePicker */ = {
			isa = PBXGroup;
			children = (
				5FB3569820970DD500315CFF /* Styles.swift */,
				5FB3569920970DD500315CFF /* Resources */,
				5FB356C820970DD500315CFF /* ShadowLineView.swift */,
				5FB356C920970DD500315CFF /* ViewControllers */,
				5FB356DA20970DD500315CFF /* Support */,
				5FB356DD20970DD500315CFF /* ShadowView.swift */,
				5FB356DF20970DD500315CFF /* SDKDemoAPIKey.swift */,
				5FB356E020970DD500315CFF /* RoundedButton.swift */,
			);
			path = GooglePlacePicker;
			sourceTree = SOURCE_ROOT;
		};
		5FB3569920970DD500315CFF /* Resources */ = {
			isa = PBXGroup;
			children = (
				5FB3569A20970DD500315CFF /* Localizable.strings */,
				5FB356BD20970DD500315CFF /* PlacePickerDemoAssets.xcassets */,
			);
			path = Resources;
			sourceTree = "<group>";
		};
		5FB356C920970DD500315CFF /* ViewControllers */ = {
			isa = PBXGroup;
			children = (
				5FB356CA20970DD500315CFF /* PickAPlace */,
				5FB356CD20970DD500315CFF /* PlaceDetail */,
				5FB356D520970DD500315CFF /* Containers */,
			);
			path = ViewControllers;
			sourceTree = "<group>";
		};
		5FB356CA20970DD500315CFF /* PickAPlace */ = {
			isa = PBXGroup;
			children = (
				5FB356CB20970DD500315CFF /* PickAPlaceViewController.xib */,
				5FB356CC20970DD500315CFF /* PickAPlaceViewController.swift */,
			);
			path = PickAPlace;
			sourceTree = "<group>";
		};
		5FB356CD20970DD500315CFF /* PlaceDetail */ = {
			isa = PBXGroup;
			children = (
				5FB356CE20970DD500315CFF /* PlaceAttributeCell.xib */,
				5FB356CF20970DD500315CFF /* PlaceDetailViewController.xib */,
				5FB356D020970DD500315CFF /* PlaceAttributeCell.swift */,
				5FB356D120970DD500315CFF /* PlaceNameHeader.swift */,
				5FB356D220970DD500315CFF /* PlaceDetailTableViewDataSource.swift */,
				5FB356D320970DD500315CFF /* PlaceNameHeader.xib */,
				5FB356D420970DD500315CFF /* PlaceDetailViewController.swift */,
			);
			path = PlaceDetail;
			sourceTree = "<group>";
		};
		5FB356D520970DD500315CFF /* Containers */ = {
			isa = PBXGroup;
			children = (
				5FB356D620970DD500315CFF /* BackgroundMapViewController.swift */,
				5FB356D720970DD500315CFF /* InsetViewController.swift */,
				5FB356D820970DD500315CFF /* SplitPaneViewController.swift */,
				5FB356D920970DD500315CFF /* BaseContainerViewController.swift */,
			);
			path = Containers;
			sourceTree = "<group>";
		};
		5FB356DA20970DD500315CFF /* Support */ = {
			isa = PBXGroup;
			children = (
				5FB356DB20970DD500315CFF /* NotificationObserver.swift */,
				5FB356DC20970DD500315CFF /* CGRect+Extensions.swift */,
			);
			path = Support;
			sourceTree = "<group>";
		};
		5FEF533D2074FA3400E926D7 /* Products */ = {
			isa = PBXGroup;
			children = (
				5FEF53412074FA3400E926D7 /* LocationPicker.framework */,
			);
			name = Products;
			sourceTree = "<group>";
		};
		5FEF53432074FA3E00E926D7 /* Products */ = {
			isa = PBXGroup;
			children = (
				5FEF53492074FA3E00E926D7 /* AppRating.framework */,
				5FEF534B2074FA3E00E926D7 /* AppRatingTests.xctest */,
				5FEF534D2074FA3E00E926D7 /* Example.app */,
			);
			name = Products;
			sourceTree = "<group>";
		};
		5FEF534F2074FA4C00E926D7 /* Products */ = {
			isa = PBXGroup;
			children = (
				5FEF53552074FA4D00E926D7 /* SirenExample.app */,
				5FEF53572074FA4D00E926D7 /* SirenExampleTests.xctest */,
				5FEF53592074FA4D00E926D7 /* Siren.framework */,
			);
			name = Products;
			sourceTree = "<group>";
		};
		5FFAFE57207BBB6E00AEC913 /* Sources */ = {
			isa = PBXGroup;
			children = (
				5FFAFE58207BBB6E00AEC913 /* FSPagerView.swift */,
				5FFAFE59207BBB6E00AEC913 /* FSPageViewTransformer.swift */,
				5FFAFE5A207BBB6E00AEC913 /* FSPagerViewCell.swift */,
				5FFAFE5B207BBB6E00AEC913 /* FSPagerViewLayoutAttributes.swift */,
				5FFAFE5C207BBB6E00AEC913 /* FSPageViewLayout.swift */,
				5FFAFE5D207BBB6E00AEC913 /* FSPageControl.swift */,
				5FFAFE5E207BBB6E00AEC913 /* FSPagerCollectionView.swift */,
			);
			path = Sources;
			sourceTree = "<group>";
		};
		5FFAFE67207BBBCB00AEC913 /* Resources */ = {
			isa = PBXGroup;
			children = (
				5FAFCB09203EE1930009F97B /* Assets.xcassets */,
			);
			path = Resources;
			sourceTree = "<group>";
		};
		E4BF42059B977EFF080C1A9C /* Pods */ = {
			isa = PBXGroup;
			children = (
				5513B6C728863E6BDBA564D4 /* Pods-UltraKlin.debug.xcconfig */,
				F2A4A450F551FCCAB58DFFA2 /* Pods-UltraKlin.release.xcconfig */,
			);
			name = Pods;
			sourceTree = "<group>";
		};
/* End PBXGroup section */

/* Begin PBXNativeTarget section */
		5FAFCAFB203EE1930009F97B /* UltraKlin */ = {
			isa = PBXNativeTarget;
			buildConfigurationList = 5FAFCB11203EE1930009F97B /* Build configuration list for PBXNativeTarget "UltraKlin" */;
			buildPhases = (
				41F8FFC5AB492B7B286E9F5D /* [CP] Check Pods Manifest.lock */,
				5FAFCAF8203EE1930009F97B /* Sources */,
				5FAFCAF9203EE1930009F97B /* Frameworks */,
				5FAFCAFA203EE1930009F97B /* Resources */,
				5F3C3C27204401EF00F9F97D /* Embed Frameworks */,
				1A132C9C364CA0A155D921F4 /* [CP] Embed Pods Frameworks */,
				5F44580771C885692BBD9A9E /* [CP] Copy Pods Resources */,
			);
			buildRules = (
			);
			dependencies = (
				5FEF535D2074FAF200E926D7 /* PBXTargetDependency */,
				5FEF53612074FAF600E926D7 /* PBXTargetDependency */,
				5FEF53652074FAFD00E926D7 /* PBXTargetDependency */,
			);
			name = UltraKlin;
			productName = UltraKlin;
			productReference = 5FAFCAFC203EE1930009F97B /* UltraKlin.app */;
			productType = "com.apple.product-type.application";
		};
/* End PBXNativeTarget section */

/* Begin PBXProject section */
		5FAFCAF4203EE1930009F97B /* Project object */ = {
			isa = PBXProject;
			attributes = {
				LastSwiftUpdateCheck = 0920;
				LastUpgradeCheck = 0930;
				ORGANIZATIONNAME = "PT Lintas Insan Nur Inspira";
				TargetAttributes = {
					5FAFCAFB203EE1930009F97B = {
						CreatedOnToolsVersion = 9.2;
						LastSwiftMigration = 0930;
						ProvisioningStyle = Automatic;
						SystemCapabilities = {
							com.apple.BackgroundModes = {
								enabled = 1;
							};
							com.apple.InterAppAudio = {
								enabled = 0;
							};
							com.apple.NetworkExtensions.iOS = {
								enabled = 0;
							};
							com.apple.Push = {
								enabled = 1;
							};
						};
					};
				};
			};
			buildConfigurationList = 5FAFCAF7203EE1930009F97B /* Build configuration list for PBXProject "UltraKlin" */;
			compatibilityVersion = "Xcode 8.0";
			developmentRegion = en;
			hasScannedForEncodings = 0;
			knownRegions = (
				en,
				Base,
				de,
				he,
				en_AU,
				ar,
				el,
				ja,
				uk,
				es_419,
				es_MX,
				zh_CN,
				nb,
				es,
				pt_BR,
				da,
				it,
				sk,
				pt_PT,
				ms,
				sv,
				cs,
				en_IN,
				ko,
				hu,
				zh_HK,
				tr,
				pl,
				zh_TW,
				en_GB,
				vi,
				ru,
				fr_CA,
				fr,
				fi,
				id,
				nl,
				th,
				pt,
				ro,
				hr,
				hi,
				ca,
			);
			mainGroup = 5FAFCAF3203EE1930009F97B;
			productRefGroup = 5FAFCAFD203EE1930009F97B /* Products */;
			projectDirPath = "";
			projectReferences = (
				{
					ProductGroup = 5FEF53432074FA3E00E926D7 /* Products */;
					ProjectRef = 5FEF53422074FA3E00E926D7 /* AppRating.xcodeproj */;
				},
				{
					ProductGroup = 5FEF533D2074FA3400E926D7 /* Products */;
					ProjectRef = 5FEF533C2074FA3400E926D7 /* LocationPicker.xcodeproj */;
				},
				{
					ProductGroup = 5FEF534F2074FA4C00E926D7 /* Products */;
					ProjectRef = 5FEF534E2074FA4C00E926D7 /* SirenExample.xcodeproj */;
				},
			);
			projectRoot = "";
			targets = (
				5FAFCAFB203EE1930009F97B /* UltraKlin */,
			);
		};
/* End PBXProject section */

/* Begin PBXReferenceProxy section */
		5FEF53412074FA3400E926D7 /* LocationPicker.framework */ = {
			isa = PBXReferenceProxy;
			fileType = wrapper.framework;
			path = LocationPicker.framework;
			remoteRef = 5FEF53402074FA3400E926D7 /* PBXContainerItemProxy */;
			sourceTree = BUILT_PRODUCTS_DIR;
		};
		5FEF53492074FA3E00E926D7 /* AppRating.framework */ = {
			isa = PBXReferenceProxy;
			fileType = wrapper.framework;
			path = AppRating.framework;
			remoteRef = 5FEF53482074FA3E00E926D7 /* PBXContainerItemProxy */;
			sourceTree = BUILT_PRODUCTS_DIR;
		};
		5FEF534B2074FA3E00E926D7 /* AppRatingTests.xctest */ = {
			isa = PBXReferenceProxy;
			fileType = wrapper.cfbundle;
			path = AppRatingTests.xctest;
			remoteRef = 5FEF534A2074FA3E00E926D7 /* PBXContainerItemProxy */;
			sourceTree = BUILT_PRODUCTS_DIR;
		};
		5FEF534D2074FA3E00E926D7 /* Example.app */ = {
			isa = PBXReferenceProxy;
			fileType = wrapper.application;
			path = Example.app;
			remoteRef = 5FEF534C2074FA3E00E926D7 /* PBXContainerItemProxy */;
			sourceTree = BUILT_PRODUCTS_DIR;
		};
		5FEF53552074FA4D00E926D7 /* SirenExample.app */ = {
			isa = PBXReferenceProxy;
			fileType = wrapper.application;
			path = SirenExample.app;
			remoteRef = 5FEF53542074FA4D00E926D7 /* PBXContainerItemProxy */;
			sourceTree = BUILT_PRODUCTS_DIR;
		};
		5FEF53572074FA4D00E926D7 /* SirenExampleTests.xctest */ = {
			isa = PBXReferenceProxy;
			fileType = wrapper.cfbundle;
			path = SirenExampleTests.xctest;
			remoteRef = 5FEF53562074FA4D00E926D7 /* PBXContainerItemProxy */;
			sourceTree = BUILT_PRODUCTS_DIR;
		};
		5FEF53592074FA4D00E926D7 /* Siren.framework */ = {
			isa = PBXReferenceProxy;
			fileType = wrapper.framework;
			path = Siren.framework;
			remoteRef = 5FEF53582074FA4D00E926D7 /* PBXContainerItemProxy */;
			sourceTree = BUILT_PRODUCTS_DIR;
		};
/* End PBXReferenceProxy section */

/* Begin PBXResourcesBuildPhase section */
		5FAFCAFA203EE1930009F97B /* Resources */ = {
			isa = PBXResourcesBuildPhase;
			buildActionMask = 2147483647;
			files = (
				5FFB5A652074A9E0008BC25E /* AppRating.bundle in Resources */,
				5FB356EE20970DD500315CFF /* PlaceNameHeader.xib in Resources */,
				5FB6DA89206AB44F00E25B1B /* AppRatingLocalizable.strings in Resources */,
				5FB356E920970DD500315CFF /* PlaceAttributeCell.xib in Resources */,
				5FB356EA20970DD500315CFF /* PlaceDetailViewController.xib in Resources */,
				5FAFCB0D203EE1930009F97B /* LaunchScreen.storyboard in Resources */,
				5F9998DC2052378600AC37FD /* GoogleService-Info.plist in Resources */,
				5FAFCB0A203EE1930009F97B /* Assets.xcassets in Resources */,
				5F17CB27207712CD0074B422 /* GoogleSignIn.bundle in Resources */,
				5FB356E520970DD500315CFF /* PlacePickerDemoAssets.xcassets in Resources */,
				5FB356E320970DD500315CFF /* Localizable.strings in Resources */,
				5FAFCB05203EE1930009F97B /* Main.storyboard in Resources */,
				5FB356E720970DD500315CFF /* PickAPlaceViewController.xib in Resources */,
			);
			runOnlyForDeploymentPostprocessing = 0;
		};
/* End PBXResourcesBuildPhase section */

/* Begin PBXShellScriptBuildPhase section */
		1A132C9C364CA0A155D921F4 /* [CP] Embed Pods Frameworks */ = {
			isa = PBXShellScriptBuildPhase;
			buildActionMask = 2147483647;
			files = (
			);
			inputPaths = (
				"${SRCROOT}/Pods/Target Support Files/Pods-UltraKlin/Pods-UltraKlin-frameworks.sh",
				"${BUILT_PRODUCTS_DIR}/GTMSessionFetcher/GTMSessionFetcher.framework",
				"${BUILT_PRODUCTS_DIR}/GoogleToolboxForMac/GoogleToolboxForMac.framework",
				"${BUILT_PRODUCTS_DIR}/Protobuf/Protobuf.framework",
				"${BUILT_PRODUCTS_DIR}/leveldb-library/leveldb.framework",
				"${BUILT_PRODUCTS_DIR}/nanopb/nanopb.framework",
			);
			name = "[CP] Embed Pods Frameworks";
			outputPaths = (
				"${TARGET_BUILD_DIR}/${FRAMEWORKS_FOLDER_PATH}/GTMSessionFetcher.framework",
				"${TARGET_BUILD_DIR}/${FRAMEWORKS_FOLDER_PATH}/GoogleToolboxForMac.framework",
				"${TARGET_BUILD_DIR}/${FRAMEWORKS_FOLDER_PATH}/Protobuf.framework",
				"${TARGET_BUILD_DIR}/${FRAMEWORKS_FOLDER_PATH}/leveldb.framework",
				"${TARGET_BUILD_DIR}/${FRAMEWORKS_FOLDER_PATH}/nanopb.framework",
			);
			runOnlyForDeploymentPostprocessing = 0;
			shellPath = /bin/sh;
			shellScript = "\"${SRCROOT}/Pods/Target Support Files/Pods-UltraKlin/Pods-UltraKlin-frameworks.sh\"\n";
			showEnvVarsInLog = 0;
		};
		41F8FFC5AB492B7B286E9F5D /* [CP] Check Pods Manifest.lock */ = {
			isa = PBXShellScriptBuildPhase;
			buildActionMask = 2147483647;
			files = (
			);
			inputPaths = (
				"${PODS_PODFILE_DIR_PATH}/Podfile.lock",
				"${PODS_ROOT}/Manifest.lock",
			);
			name = "[CP] Check Pods Manifest.lock";
			outputPaths = (
				"$(DERIVED_FILE_DIR)/Pods-UltraKlin-checkManifestLockResult.txt",
			);
			runOnlyForDeploymentPostprocessing = 0;
			shellPath = /bin/sh;
			shellScript = "diff \"${PODS_PODFILE_DIR_PATH}/Podfile.lock\" \"${PODS_ROOT}/Manifest.lock\" > /dev/null\nif [ $? != 0 ] ; then\n    # print error to STDERR\n    echo \"error: The sandbox is not in sync with the Podfile.lock. Run 'pod install' or update your CocoaPods installation.\" >&2\n    exit 1\nfi\n# This output is used by Xcode 'outputs' to avoid re-running this script phase.\necho \"SUCCESS\" > \"${SCRIPT_OUTPUT_FILE_0}\"\n";
			showEnvVarsInLog = 0;
		};
		5F44580771C885692BBD9A9E /* [CP] Copy Pods Resources */ = {
			isa = PBXShellScriptBuildPhase;
			buildActionMask = 2147483647;
			files = (
			);
			inputPaths = (
				"${SRCROOT}/Pods/Target Support Files/Pods-UltraKlin/Pods-UltraKlin-resources.sh",
				"${PODS_ROOT}/GoogleMaps/Maps/Frameworks/GoogleMaps.framework/Resources/GoogleMaps.bundle",
				"${PODS_ROOT}/GooglePlacePicker/Frameworks/GooglePlacePicker.framework/Resources/GooglePlacePicker.bundle",
				"${PODS_ROOT}/GooglePlaces/Frameworks/GooglePlaces.framework/Resources/GooglePlaces.bundle",
			);
			name = "[CP] Copy Pods Resources";
			outputPaths = (
				"${TARGET_BUILD_DIR}/${UNLOCALIZED_RESOURCES_FOLDER_PATH}/GoogleMaps.bundle",
				"${TARGET_BUILD_DIR}/${UNLOCALIZED_RESOURCES_FOLDER_PATH}/GooglePlacePicker.bundle",
				"${TARGET_BUILD_DIR}/${UNLOCALIZED_RESOURCES_FOLDER_PATH}/GooglePlaces.bundle",
			);
			runOnlyForDeploymentPostprocessing = 0;
			shellPath = /bin/sh;
			shellScript = "\"${SRCROOT}/Pods/Target Support Files/Pods-UltraKlin/Pods-UltraKlin-resources.sh\"\n";
			showEnvVarsInLog = 0;
		};
/* End PBXShellScriptBuildPhase section */

/* Begin PBXSourcesBuildPhase section */
		5FAFCAF8203EE1930009F97B /* Sources */ = {
			isa = PBXSourcesBuildPhase;
			buildActionMask = 2147483647;
			files = (
				5F58596D207D183A00298724 /* Person.swift in Sources */,
				5FB356F020970DD500315CFF /* BackgroundMapViewController.swift in Sources */,
				5F24C2AE205FBC7B00CD5067 /* Reachability.swift in Sources */,
				5FB356F520970DD500315CFF /* CGRect+Extensions.swift in Sources */,
				5FAFCB08203EE1930009F97B /* UltraKlin.xcdatamodeld in Sources */,
				5FB356ED20970DD500315CFF /* PlaceDetailTableViewDataSource.swift in Sources */,
				5FB0F7302045815F007CE83C /* UltraKlinRegistration.swift in Sources */,
				5F58596C207D183A00298724 /* Message.swift in Sources */,
				5F24B6EE2054E8670080DEFC /* UltraKlinLaundry.swift in Sources */,
				5FAFCB19203EED810009F97B /* UltraKlinAccountView.swift in Sources */,
				5F585974207D188700298724 /* UserCell.swift in Sources */,
				5FB356F120970DD500315CFF /* InsetViewController.swift in Sources */,
				5FB356F320970DD500315CFF /* BaseContainerViewController.swift in Sources */,
				5F585973207D188700298724 /* ChatMessageCell.swift in Sources */,
				5FFAFE61207BBB6E00AEC913 /* FSPagerViewCell.swift in Sources */,
				5F0C90912043AAD500FDF94E /* UltraKlinCleaningDetail.swift in Sources */,
				5FFAFE64207BBB6E00AEC913 /* FSPageControl.swift in Sources */,
				5FAFCB17203EED090009F97B /* UltraKlinHistoryView.swift in Sources */,
				5FEC70832080A53F00C63F05 /* UltraKlinDetailOrder.swift in Sources */,
				5FAC0F29207E89E200901541 /* LoginController.swift in Sources */,
				5FB356F620970DD500315CFF /* ShadowView.swift in Sources */,
				5FB356F920970DD500315CFF /* RoundedButton.swift in Sources */,
				5FB356EC20970DD500315CFF /* PlaceNameHeader.swift in Sources */,
				5FB356EF20970DD500315CFF /* PlaceDetailViewController.swift in Sources */,
				5FB356F820970DD500315CFF /* SDKDemoAPIKey.swift in Sources */,
				5F24C2AC205F9E6300CD5067 /* Config.swift in Sources */,
				5FAFCB15203EECC80009F97B /* UltraKlinHomeView.swift in Sources */,
				5FAFCB02203EE1930009F97B /* ViewController.swift in Sources */,
				5F54A4062060E78F007BEEDC /* UltraKlinLaundryDetail.swift in Sources */,
				5FFAFE63207BBB6E00AEC913 /* FSPageViewLayout.swift in Sources */,
				5FB356F220970DD500315CFF /* SplitPaneViewController.swift in Sources */,
				5FAFCB00203EE1930009F97B /* AppDelegate.swift in Sources */,
				5FB0F73220458171007CE83C /* UltraKlinLogin.swift in Sources */,
				5FC37C962047BD680086E500 /* UltraKlinTabBarView.swift in Sources */,
				5F2208B2209B1ADE00307791 /* CollectionViewCell.swift in Sources */,
				5F1DCDE6203FCD1900F486AD /* UltraKlinCleaning.swift in Sources */,
				5FFAFE60207BBB6E00AEC913 /* FSPageViewTransformer.swift in Sources */,
				5F585969207D182800298724 /* Extension.swift in Sources */,
				5FFAFE65207BBB6E00AEC913 /* FSPagerCollectionView.swift in Sources */,
				5FAC0F2B207E89E200901541 /* NewMessageController.swift in Sources */,
				5FAC0F2D207E89E200901541 /* MessageController.swift in Sources */,
				5FB356E620970DD500315CFF /* ShadowLineView.swift in Sources */,
				5FB356E220970DD500315CFF /* Styles.swift in Sources */,
				5FA8278A2099A58600E75D77 /* UIViewExtension.swift in Sources */,
				5FFAFE5F207BBB6E00AEC913 /* FSPagerView.swift in Sources */,
				5FAC0F2A207E89E200901541 /* ChatLogController.swift in Sources */,
				5FB356E820970DD500315CFF /* PickAPlaceViewController.swift in Sources */,
				5FAA360A2099681F00521931 /* GoogleViewController.swift in Sources */,
				5FFAFE62207BBB6E00AEC913 /* FSPagerViewLayoutAttributes.swift in Sources */,
				5FAC0F2C207E89E200901541 /* LoginController+Handler.swift in Sources */,
				5FB356EB20970DD500315CFF /* PlaceAttributeCell.swift in Sources */,
				5FB356F420970DD500315CFF /* NotificationObserver.swift in Sources */,
			);
			runOnlyForDeploymentPostprocessing = 0;
		};
/* End PBXSourcesBuildPhase section */

/* Begin PBXTargetDependency section */
		5FEF535D2074FAF200E926D7 /* PBXTargetDependency */ = {
			isa = PBXTargetDependency;
			name = LocationPicker;
			targetProxy = 5FEF535C2074FAF200E926D7 /* PBXContainerItemProxy */;
		};
		5FEF53612074FAF600E926D7 /* PBXTargetDependency */ = {
			isa = PBXTargetDependency;
			name = AppRating;
			targetProxy = 5FEF53602074FAF600E926D7 /* PBXContainerItemProxy */;
		};
		5FEF53652074FAFD00E926D7 /* PBXTargetDependency */ = {
			isa = PBXTargetDependency;
			name = Siren;
			targetProxy = 5FEF53642074FAFD00E926D7 /* PBXContainerItemProxy */;
		};
/* End PBXTargetDependency section */

/* Begin PBXVariantGroup section */
		5FAFCB03203EE1930009F97B /* Main.storyboard */ = {
			isa = PBXVariantGroup;
			children = (
				5FAFCB04203EE1930009F97B /* Base */,
			);
			name = Main.storyboard;
			sourceTree = "<group>";
		};
		5FAFCB0B203EE1930009F97B /* LaunchScreen.storyboard */ = {
			isa = PBXVariantGroup;
			children = (
				5FAFCB0C203EE1930009F97B /* Base */,
			);
			name = LaunchScreen.storyboard;
			sourceTree = "<group>";
		};
		5FB3569A20970DD500315CFF /* Localizable.strings */ = {
			isa = PBXVariantGroup;
			children = (
				5FB3569B20970DD500315CFF /* de */,
				5FB3569C20970DD500315CFF /* he */,
				5FB3569D20970DD500315CFF /* en_AU */,
				5FB3569E20970DD500315CFF /* ar */,
				5FB3569F20970DD500315CFF /* el */,
				5FB356A020970DD500315CFF /* ja */,
				5FB356A120970DD500315CFF /* en */,
				5FB356A220970DD500315CFF /* uk */,
				5FB356A320970DD500315CFF /* es_419 */,
				5FB356A420970DD500315CFF /* es_MX */,
				5FB356A520970DD500315CFF /* zh_CN */,
				5FB356A620970DD500315CFF /* nb */,
				5FB356A720970DD500315CFF /* es */,
				5FB356A820970DD500315CFF /* pt_BR */,
				5FB356A920970DD500315CFF /* da */,
				5FB356AA20970DD500315CFF /* it */,
				5FB356AB20970DD500315CFF /* sk */,
				5FB356AC20970DD500315CFF /* pt_PT */,
				5FB356AD20970DD500315CFF /* ms */,
				5FB356AE20970DD500315CFF /* sv */,
				5FB356AF20970DD500315CFF /* cs */,
				5FB356B020970DD500315CFF /* en_IN */,
				5FB356B120970DD500315CFF /* ko */,
				5FB356B420970DD500315CFF /* hu */,
				5FB356B520970DD500315CFF /* zh_HK */,
				5FB356B620970DD500315CFF /* tr */,
				5FB356B720970DD500315CFF /* pl */,
				5FB356B820970DD500315CFF /* zh_TW */,
				5FB356B920970DD500315CFF /* en_GB */,
				5FB356BA20970DD500315CFF /* vi */,
				5FB356BB20970DD500315CFF /* ru */,
				5FB356BC20970DD500315CFF /* fr_CA */,
				5FB356BE20970DD500315CFF /* fr */,
				5FB356BF20970DD500315CFF /* fi */,
				5FB356C020970DD500315CFF /* id */,
				5FB356C120970DD500315CFF /* nl */,
				5FB356C220970DD500315CFF /* th */,
				5FB356C320970DD500315CFF /* pt */,
				5FB356C420970DD500315CFF /* ro */,
				5FB356C520970DD500315CFF /* hr */,
				5FB356C620970DD500315CFF /* hi */,
				5FB356C720970DD500315CFF /* ca */,
			);
			name = Localizable.strings;
			sourceTree = "<group>";
		};
		5FB6DA87206AB44F00E25B1B /* AppRatingLocalizable.strings */ = {
			isa = PBXVariantGroup;
			children = (
				5FB6DA88206AB44F00E25B1B /* en */,
			);
			name = AppRatingLocalizable.strings;
			sourceTree = "<group>";
		};
/* End PBXVariantGroup section */

/* Begin XCBuildConfiguration section */
		5FAFCB0F203EE1930009F97B /* Debug */ = {
			isa = XCBuildConfiguration;
			buildSettings = {
				ALWAYS_SEARCH_USER_PATHS = NO;
				CLANG_ANALYZER_NONNULL = YES;
				CLANG_ANALYZER_NUMBER_OBJECT_CONVERSION = YES_AGGRESSIVE;
				CLANG_CXX_LANGUAGE_STANDARD = "gnu++14";
				CLANG_CXX_LIBRARY = "libc++";
				CLANG_ENABLE_MODULES = YES;
				CLANG_ENABLE_OBJC_ARC = YES;
				CLANG_WARN_BLOCK_CAPTURE_AUTORELEASING = YES;
				CLANG_WARN_BOOL_CONVERSION = YES;
				CLANG_WARN_COMMA = YES;
				CLANG_WARN_CONSTANT_CONVERSION = YES;
				CLANG_WARN_DEPRECATED_OBJC_IMPLEMENTATIONS = YES;
				CLANG_WARN_DIRECT_OBJC_ISA_USAGE = YES_ERROR;
				CLANG_WARN_DOCUMENTATION_COMMENTS = YES;
				CLANG_WARN_EMPTY_BODY = YES;
				CLANG_WARN_ENUM_CONVERSION = YES;
				CLANG_WARN_INFINITE_RECURSION = YES;
				CLANG_WARN_INT_CONVERSION = YES;
				CLANG_WARN_NON_LITERAL_NULL_CONVERSION = YES;
				CLANG_WARN_OBJC_IMPLICIT_RETAIN_SELF = YES;
				CLANG_WARN_OBJC_LITERAL_CONVERSION = YES;
				CLANG_WARN_OBJC_ROOT_CLASS = YES_ERROR;
				CLANG_WARN_RANGE_LOOP_ANALYSIS = YES;
				CLANG_WARN_STRICT_PROTOTYPES = YES;
				CLANG_WARN_SUSPICIOUS_MOVE = YES;
				CLANG_WARN_UNGUARDED_AVAILABILITY = YES_AGGRESSIVE;
				CLANG_WARN_UNREACHABLE_CODE = YES;
				CLANG_WARN__DUPLICATE_METHOD_MATCH = YES;
				CODE_SIGN_IDENTITY = "iPhone Developer";
				COPY_PHASE_STRIP = NO;
				DEBUG_INFORMATION_FORMAT = dwarf;
				ENABLE_STRICT_OBJC_MSGSEND = YES;
				ENABLE_TESTABILITY = YES;
				GCC_C_LANGUAGE_STANDARD = gnu11;
				GCC_DYNAMIC_NO_PIC = NO;
				GCC_NO_COMMON_BLOCKS = YES;
				GCC_OPTIMIZATION_LEVEL = 0;
				GCC_PREPROCESSOR_DEFINITIONS = (
					"DEBUG=1",
					"$(inherited)",
				);
				GCC_WARN_64_TO_32_BIT_CONVERSION = YES;
				GCC_WARN_ABOUT_RETURN_TYPE = YES_ERROR;
				GCC_WARN_UNDECLARED_SELECTOR = YES;
				GCC_WARN_UNINITIALIZED_AUTOS = YES_AGGRESSIVE;
				GCC_WARN_UNUSED_FUNCTION = YES;
				GCC_WARN_UNUSED_VARIABLE = YES;
				IPHONEOS_DEPLOYMENT_TARGET = 8.0;
				MTL_ENABLE_DEBUG_INFO = YES;
				ONLY_ACTIVE_ARCH = YES;
				SDKROOT = iphoneos;
				SWIFT_ACTIVE_COMPILATION_CONDITIONS = DEBUG;
				SWIFT_OPTIMIZATION_LEVEL = "-Onone";
				SWIFT_VERSION = 4.0;
			};
			name = Debug;
		};
		5FAFCB10203EE1930009F97B /* Release */ = {
			isa = XCBuildConfiguration;
			buildSettings = {
				ALWAYS_SEARCH_USER_PATHS = NO;
				CLANG_ANALYZER_NONNULL = YES;
				CLANG_ANALYZER_NUMBER_OBJECT_CONVERSION = YES_AGGRESSIVE;
				CLANG_CXX_LANGUAGE_STANDARD = "gnu++14";
				CLANG_CXX_LIBRARY = "libc++";
				CLANG_ENABLE_MODULES = YES;
				CLANG_ENABLE_OBJC_ARC = YES;
				CLANG_WARN_BLOCK_CAPTURE_AUTORELEASING = YES;
				CLANG_WARN_BOOL_CONVERSION = YES;
				CLANG_WARN_COMMA = YES;
				CLANG_WARN_CONSTANT_CONVERSION = YES;
				CLANG_WARN_DEPRECATED_OBJC_IMPLEMENTATIONS = YES;
				CLANG_WARN_DIRECT_OBJC_ISA_USAGE = YES_ERROR;
				CLANG_WARN_DOCUMENTATION_COMMENTS = YES;
				CLANG_WARN_EMPTY_BODY = YES;
				CLANG_WARN_ENUM_CONVERSION = YES;
				CLANG_WARN_INFINITE_RECURSION = YES;
				CLANG_WARN_INT_CONVERSION = YES;
				CLANG_WARN_NON_LITERAL_NULL_CONVERSION = YES;
				CLANG_WARN_OBJC_IMPLICIT_RETAIN_SELF = YES;
				CLANG_WARN_OBJC_LITERAL_CONVERSION = YES;
				CLANG_WARN_OBJC_ROOT_CLASS = YES_ERROR;
				CLANG_WARN_RANGE_LOOP_ANALYSIS = YES;
				CLANG_WARN_STRICT_PROTOTYPES = YES;
				CLANG_WARN_SUSPICIOUS_MOVE = YES;
				CLANG_WARN_UNGUARDED_AVAILABILITY = YES_AGGRESSIVE;
				CLANG_WARN_UNREACHABLE_CODE = YES;
				CLANG_WARN__DUPLICATE_METHOD_MATCH = YES;
				CODE_SIGN_IDENTITY = "iPhone Developer";
				COPY_PHASE_STRIP = NO;
				DEBUG_INFORMATION_FORMAT = "dwarf-with-dsym";
				ENABLE_NS_ASSERTIONS = NO;
				ENABLE_STRICT_OBJC_MSGSEND = YES;
				GCC_C_LANGUAGE_STANDARD = gnu11;
				GCC_NO_COMMON_BLOCKS = YES;
				GCC_WARN_64_TO_32_BIT_CONVERSION = YES;
				GCC_WARN_ABOUT_RETURN_TYPE = YES_ERROR;
				GCC_WARN_UNDECLARED_SELECTOR = YES;
				GCC_WARN_UNINITIALIZED_AUTOS = YES_AGGRESSIVE;
				GCC_WARN_UNUSED_FUNCTION = YES;
				GCC_WARN_UNUSED_VARIABLE = YES;
				IPHONEOS_DEPLOYMENT_TARGET = 8.0;
				MTL_ENABLE_DEBUG_INFO = NO;
				SDKROOT = iphoneos;
				SWIFT_OPTIMIZATION_LEVEL = "-Owholemodule";
				SWIFT_VERSION = 4.0;
				VALIDATE_PRODUCT = YES;
			};
			name = Release;
		};
		5FAFCB12203EE1930009F97B /* Debug */ = {
			isa = XCBuildConfiguration;
			baseConfigurationReference = 5513B6C728863E6BDBA564D4 /* Pods-UltraKlin.debug.xcconfig */;
			buildSettings = {
				ALWAYS_EMBED_SWIFT_STANDARD_LIBRARIES = YES;
				ASSETCATALOG_COMPILER_APPICON_NAME = AppIcon;
				CLANG_ENABLE_MODULES = YES;
				CODE_SIGN_ENTITLEMENTS = UltraKlin/UltraKlin.entitlements;
				CODE_SIGN_IDENTITY = "iPhone Developer";
				"CODE_SIGN_IDENTITY[sdk=iphoneos*]" = "iPhone Developer";
				CODE_SIGN_STYLE = Automatic;
				DEVELOPMENT_TEAM = 3Y7W3L4HA8;
				FRAMEWORK_SEARCH_PATHS = (
					"$(inherited)",
					"$(PROJECT_DIR)",
					"$(PROJECT_DIR)",
				);
				INFOPLIST_FILE = UltraKlin/Info.plist;
				IPHONEOS_DEPLOYMENT_TARGET = 9.0;
				LD_RUNPATH_SEARCH_PATHS = "$(inherited) @executable_path/Frameworks";
				MACH_O_TYPE = mh_execute;
				OTHER_LDFLAGS = (
					"$(inherited)",
					"-ObjC",
					"-l\"c++\"",
					"-l\"sqlite3\"",
					"-l\"z\"",
					"-framework",
					"\"AddressBook\"",
					"-framework",
					"\"CoreGraphics\"",
					"-framework",
					"\"FirebaseAnalytics\"",
					"-framework",
					"\"FirebaseAuth\"",
					"-framework",
					"\"FirebaseCore\"",
					"-framework",
					"\"FirebaseCoreDiagnostics\"",
					"-framework",
					"\"FirebaseInstanceID\"",
					"-framework",
					"\"FirebaseMessaging\"",
					"-framework",
					"\"FirebaseNanoPB\"",
					"-framework",
					"\"GTMSessionFetcher\"",
					"-framework",
					"\"GoogleToolboxForMac\"",
					"-framework",
					"\"Protobuf\"",
					"-framework",
					"\"SafariServices\"",
					"-framework",
					"\"Security\"",
					"-framework",
					"\"StoreKit\"",
					"-framework",
					"\"SystemConfiguration\"",
					"-framework",
					"\"nanopb\"",
				);
				PRODUCT_BUNDLE_IDENTIFIER = com.lintasinsan.UltraKlin;
				PRODUCT_NAME = "$(TARGET_NAME)";
				PROVISIONING_PROFILE_SPECIFIER = "";
				SWIFT_OBJC_BRIDGING_HEADER = "UltraKlin/UltraKlin-Bridging-Header.h";
				SWIFT_OPTIMIZATION_LEVEL = "-Onone";
				SWIFT_VERSION = 4.0;
				TARGETED_DEVICE_FAMILY = "1,2";
				VALIDATE_PRODUCT = NO;
			};
			name = Debug;
		};
		5FAFCB13203EE1930009F97B /* Release */ = {
			isa = XCBuildConfiguration;
			baseConfigurationReference = F2A4A450F551FCCAB58DFFA2 /* Pods-UltraKlin.release.xcconfig */;
			buildSettings = {
				ALWAYS_EMBED_SWIFT_STANDARD_LIBRARIES = YES;
				ASSETCATALOG_COMPILER_APPICON_NAME = AppIcon;
				CLANG_ENABLE_MODULES = YES;
				CODE_SIGN_ENTITLEMENTS = UltraKlin/UltraKlin.entitlements;
				CODE_SIGN_IDENTITY = "iPhone Developer";
				"CODE_SIGN_IDENTITY[sdk=iphoneos*]" = "iPhone Developer";
				CODE_SIGN_STYLE = Automatic;
				DEVELOPMENT_TEAM = 3Y7W3L4HA8;
				FRAMEWORK_SEARCH_PATHS = (
					"$(inherited)",
					"$(PROJECT_DIR)",
					"$(PROJECT_DIR)",
				);
				INFOPLIST_FILE = UltraKlin/Info.plist;
				IPHONEOS_DEPLOYMENT_TARGET = 9.0;
				LD_RUNPATH_SEARCH_PATHS = "$(inherited) @executable_path/Frameworks";
				MACH_O_TYPE = mh_execute;
				OTHER_LDFLAGS = (
					"$(inherited)",
					"-ObjC",
					"-l\"c++\"",
					"-l\"sqlite3\"",
					"-l\"z\"",
					"-framework",
					"\"AddressBook\"",
					"-framework",
					"\"CoreGraphics\"",
					"-framework",
					"\"FirebaseAnalytics\"",
					"-framework",
					"\"FirebaseAuth\"",
					"-framework",
					"\"FirebaseCore\"",
					"-framework",
					"\"FirebaseCoreDiagnostics\"",
					"-framework",
					"\"FirebaseInstanceID\"",
					"-framework",
					"\"FirebaseMessaging\"",
					"-framework",
					"\"FirebaseNanoPB\"",
					"-framework",
					"\"GTMSessionFetcher\"",
					"-framework",
					"\"GoogleToolboxForMac\"",
					"-framework",
					"\"Protobuf\"",
					"-framework",
					"\"SafariServices\"",
					"-framework",
					"\"Security\"",
					"-framework",
					"\"StoreKit\"",
					"-framework",
					"\"SystemConfiguration\"",
					"-framework",
					"\"nanopb\"",
				);
				PRODUCT_BUNDLE_IDENTIFIER = com.lintasinsan.UltraKlin;
				PRODUCT_NAME = "$(TARGET_NAME)";
				PROVISIONING_PROFILE_SPECIFIER = "";
				SWIFT_OBJC_BRIDGING_HEADER = "UltraKlin/UltraKlin-Bridging-Header.h";
				SWIFT_VERSION = 4.0;
				TARGETED_DEVICE_FAMILY = "1,2";
			};
			name = Release;
		};
/* End XCBuildConfiguration section */

/* Begin XCConfigurationList section */
		5FAFCAF7203EE1930009F97B /* Build configuration list for PBXProject "UltraKlin" */ = {
			isa = XCConfigurationList;
			buildConfigurations = (
				5FAFCB0F203EE1930009F97B /* Debug */,
				5FAFCB10203EE1930009F97B /* Release */,
			);
			defaultConfigurationIsVisible = 0;
			defaultConfigurationName = Release;
		};
		5FAFCB11203EE1930009F97B /* Build configuration list for PBXNativeTarget "UltraKlin" */ = {
			isa = XCConfigurationList;
			buildConfigurations = (
				5FAFCB12203EE1930009F97B /* Debug */,
				5FAFCB13203EE1930009F97B /* Release */,
			);
			defaultConfigurationIsVisible = 0;
			defaultConfigurationName = Release;
		};
/* End XCConfigurationList section */

/* Begin XCVersionGroup section */
		5FAFCB06203EE1930009F97B /* UltraKlin.xcdatamodeld */ = {
			isa = XCVersionGroup;
			children = (
				5FAFCB07203EE1930009F97B /* UltraKlin.xcdatamodel */,
			);
			currentVersion = 5FAFCB07203EE1930009F97B /* UltraKlin.xcdatamodel */;
			path = UltraKlin.xcdatamodeld;
			sourceTree = "<group>";
			versionGroupType = wrapper.xcdatamodel;
		};
/* End XCVersionGroup section */
	};
	rootObject = 5FAFCAF4203EE1930009F97B /* Project object */;
}
